
Microsoft Visual Studio Solution File, Format Version 12.00
# Visual Studio 14
VisualStudioVersion = 14.0.25420.1
MinimumVisualStudioVersion = 10.0.40219.1
Project("{FAE04EC0-301F-11D3-BF4B-00C04F79EFBC}") = "MyApi", "MyApi\MyApi.csproj", "{716F4BF4-C141-4D2F-89D7-A9CDEF58692D}"
EndProject
Project("{FAE04EC0-301F-11D3-BF4B-00C04F79EFBC}") = "Common", "Common\Common.csproj", "{3007588F-E206-4FD5-B5FF-6D32BC0A9850}"
EndProject
Global
	GlobalSection(SolutionConfigurationPlatforms) = preSolution
		Debug|Any CPU = Debug|Any CPU
		Release|Any CPU = Release|Any CPU
	EndGlobalSection
	GlobalSection(ProjectConfigurationPlatforms) = postSolution
		{716F4BF4-C141-4D2F-89D7-A9CDEF58692D}.Debug|Any CPU.ActiveCfg = Debug|Any CPU
		{716F4BF4-C141-4D2F-89D7-A9CDEF58692D}.Debug|Any CPU.Build.0 = Debug|Any CPU
		{716F4BF4-C141-4D2F-89D7-A9CDEF58692D}.Release|Any CPU.ActiveCfg = Release|Any CPU
		{716F4BF4-C141-4D2F-89D7-A9CDEF58692D}.Release|Any CPU.Build.0 = Release|Any CPU
		{3007588F-E206-4FD5-B5FF-6D32BC0A9850}.Debug|Any CPU.ActiveCfg = Debug|Any CPU
		{3007588F-E206-4FD5-B5FF-6D32BC0A9850}.Debug|Any CPU.Build.0 = Debug|Any CPU
		{3007588F-E206-4FD5-B5FF-6D32BC0A9850}.Release|Any CPU.ActiveCfg = Release|Any CPU
		{3007588F-E206-4FD5-B5FF-6D32BC0A9850}.Release|Any CPU.Build.0 = Release|Any CPU
	EndGlobalSection
	GlobalSection(SolutionProperties) = preSolution
		HideSolutionNode = FALSE
	EndGlobalSection
EndGlobal
