
Microsoft Visual Studio Solution File, Format Version 12.00
# Visual Studio 14
VisualStudioVersion = 14.0.25420.1
MinimumVisualStudioVersion = 10.0.40219.1
Project("{FAE04EC0-301F-11D3-BF4B-00C04F79EFBC}") = "MyApi", "MyApi\MyApi.csproj", "{716F4BF4-C141-4D2F-89D7-A9CDEF58692D}"
EndProject
Project("{FAE04EC0-301F-11D3-BF4B-00C04F79EFBC}") = "Common", "Common\Common.csproj", "{3007588F-E206-4FD5-B5FF-6D32BC0A9850}"
EndProject
Project("{FAE04EC0-301F-11D3-BF4B-00C04F79EFBC}") = "MyApp.Droid", "MyApp\MyApp.Droid\MyApp.Droid.csproj", "{39C5F399-2FD5-4EC7-8D92-0690FC1A08F4}"
EndProject
Project("{FAE04EC0-301F-11D3-BF4B-00C04F79EFBC}") = "MyApp.iOS", "MyApp\MyApp.iOS\MyApp.iOS.csproj", "{C729539E-0232-4AD3-9F7B-B28CD478B609}"
EndProject
Project("{FAE04EC0-301F-11D3-BF4B-00C04F79EFBC}") = "MyApp.WinPhone", "MyApp\MyApp.WinPhone\MyApp.WinPhone.csproj", "{E5C26BF2-C367-4899-9C8B-7651D2818391}"
EndProject
Project("{FAE04EC0-301F-11D3-BF4B-00C04F79EFBC}") = "MyApp.Windows", "MyApp\MyApp.Windows\MyApp.Windows.csproj", "{1B68F375-BE66-4BE7-9C29-11881F7B99A6}"
EndProject
Project("{D954291E-2A0B-460D-934E-DC6B0785DB48}") = "MyApp", "MyApp\MyApp\MyApp.shproj", "{BDEF38A2-755A-4767-AD25-E57F8D03ED87}"
EndProject
Global
	GlobalSection(SharedMSBuildProjectFiles) = preSolution
		MyApp\MyApp\MyApp.projitems*{1b68f375-be66-4be7-9c29-11881f7b99a6}*SharedItemsImports = 4
		MyApp\MyApp\MyApp.projitems*{39c5f399-2fd5-4ec7-8d92-0690fc1a08f4}*SharedItemsImports = 4
		MyApp\MyApp\MyApp.projitems*{bdef38a2-755a-4767-ad25-e57f8d03ed87}*SharedItemsImports = 13
		MyApp\MyApp\MyApp.projitems*{c729539e-0232-4ad3-9f7b-b28cd478b609}*SharedItemsImports = 4
		MyApp\MyApp\MyApp.projitems*{e5c26bf2-c367-4899-9c8b-7651d2818391}*SharedItemsImports = 4
	EndGlobalSection
	GlobalSection(SolutionConfigurationPlatforms) = preSolution
		Ad-Hoc|Any CPU = Ad-Hoc|Any CPU
		Ad-Hoc|ARM = Ad-Hoc|ARM
		Ad-Hoc|iPhone = Ad-Hoc|iPhone
		Ad-Hoc|iPhoneSimulator = Ad-Hoc|iPhoneSimulator
		Ad-Hoc|x64 = Ad-Hoc|x64
		Ad-Hoc|x86 = Ad-Hoc|x86
		AppStore|Any CPU = AppStore|Any CPU
		AppStore|ARM = AppStore|ARM
		AppStore|iPhone = AppStore|iPhone
		AppStore|iPhoneSimulator = AppStore|iPhoneSimulator
		AppStore|x64 = AppStore|x64
		AppStore|x86 = AppStore|x86
		Debug|Any CPU = Debug|Any CPU
		Debug|ARM = Debug|ARM
		Debug|iPhone = Debug|iPhone
		Debug|iPhoneSimulator = Debug|iPhoneSimulator
		Debug|x64 = Debug|x64
		Debug|x86 = Debug|x86
		Release|Any CPU = Release|Any CPU
		Release|ARM = Release|ARM
		Release|iPhone = Release|iPhone
		Release|iPhoneSimulator = Release|iPhoneSimulator
		Release|x64 = Release|x64
		Release|x86 = Release|x86
	EndGlobalSection
	GlobalSection(ProjectConfigurationPlatforms) = postSolution
		{716F4BF4-C141-4D2F-89D7-A9CDEF58692D}.Ad-Hoc|Any CPU.ActiveCfg = Release|Any CPU
		{716F4BF4-C141-4D2F-89D7-A9CDEF58692D}.Ad-Hoc|Any CPU.Build.0 = Release|Any CPU
		{716F4BF4-C141-4D2F-89D7-A9CDEF58692D}.Ad-Hoc|ARM.ActiveCfg = Release|Any CPU
		{716F4BF4-C141-4D2F-89D7-A9CDEF58692D}.Ad-Hoc|ARM.Build.0 = Release|Any CPU
		{716F4BF4-C141-4D2F-89D7-A9CDEF58692D}.Ad-Hoc|iPhone.ActiveCfg = Release|Any CPU
		{716F4BF4-C141-4D2F-89D7-A9CDEF58692D}.Ad-Hoc|iPhone.Build.0 = Release|Any CPU
		{716F4BF4-C141-4D2F-89D7-A9CDEF58692D}.Ad-Hoc|iPhoneSimulator.ActiveCfg = Release|Any CPU
		{716F4BF4-C141-4D2F-89D7-A9CDEF58692D}.Ad-Hoc|iPhoneSimulator.Build.0 = Release|Any CPU
		{716F4BF4-C141-4D2F-89D7-A9CDEF58692D}.Ad-Hoc|x64.ActiveCfg = Release|Any CPU
		{716F4BF4-C141-4D2F-89D7-A9CDEF58692D}.Ad-Hoc|x64.Build.0 = Release|Any CPU
		{716F4BF4-C141-4D2F-89D7-A9CDEF58692D}.Ad-Hoc|x86.ActiveCfg = Release|Any CPU
		{716F4BF4-C141-4D2F-89D7-A9CDEF58692D}.Ad-Hoc|x86.Build.0 = Release|Any CPU
		{716F4BF4-C141-4D2F-89D7-A9CDEF58692D}.AppStore|Any CPU.ActiveCfg = Release|Any CPU
		{716F4BF4-C141-4D2F-89D7-A9CDEF58692D}.AppStore|Any CPU.Build.0 = Release|Any CPU
		{716F4BF4-C141-4D2F-89D7-A9CDEF58692D}.AppStore|ARM.ActiveCfg = Release|Any CPU
		{716F4BF4-C141-4D2F-89D7-A9CDEF58692D}.AppStore|ARM.Build.0 = Release|Any CPU
		{716F4BF4-C141-4D2F-89D7-A9CDEF58692D}.AppStore|iPhone.ActiveCfg = Release|Any CPU
		{716F4BF4-C141-4D2F-89D7-A9CDEF58692D}.AppStore|iPhone.Build.0 = Release|Any CPU
		{716F4BF4-C141-4D2F-89D7-A9CDEF58692D}.AppStore|iPhoneSimulator.ActiveCfg = Release|Any CPU
		{716F4BF4-C141-4D2F-89D7-A9CDEF58692D}.AppStore|iPhoneSimulator.Build.0 = Release|Any CPU
		{716F4BF4-C141-4D2F-89D7-A9CDEF58692D}.AppStore|x64.ActiveCfg = Release|Any CPU
		{716F4BF4-C141-4D2F-89D7-A9CDEF58692D}.AppStore|x64.Build.0 = Release|Any CPU
		{716F4BF4-C141-4D2F-89D7-A9CDEF58692D}.AppStore|x86.ActiveCfg = Release|Any CPU
		{716F4BF4-C141-4D2F-89D7-A9CDEF58692D}.AppStore|x86.Build.0 = Release|Any CPU
		{716F4BF4-C141-4D2F-89D7-A9CDEF58692D}.Debug|Any CPU.ActiveCfg = Debug|Any CPU
		{716F4BF4-C141-4D2F-89D7-A9CDEF58692D}.Debug|Any CPU.Build.0 = Debug|Any CPU
		{716F4BF4-C141-4D2F-89D7-A9CDEF58692D}.Debug|ARM.ActiveCfg = Debug|Any CPU
		{716F4BF4-C141-4D2F-89D7-A9CDEF58692D}.Debug|ARM.Build.0 = Debug|Any CPU
		{716F4BF4-C141-4D2F-89D7-A9CDEF58692D}.Debug|iPhone.ActiveCfg = Debug|Any CPU
		{716F4BF4-C141-4D2F-89D7-A9CDEF58692D}.Debug|iPhone.Build.0 = Debug|Any CPU
		{716F4BF4-C141-4D2F-89D7-A9CDEF58692D}.Debug|iPhoneSimulator.ActiveCfg = Debug|Any CPU
		{716F4BF4-C141-4D2F-89D7-A9CDEF58692D}.Debug|iPhoneSimulator.Build.0 = Debug|Any CPU
		{716F4BF4-C141-4D2F-89D7-A9CDEF58692D}.Debug|x64.ActiveCfg = Debug|Any CPU
		{716F4BF4-C141-4D2F-89D7-A9CDEF58692D}.Debug|x64.Build.0 = Debug|Any CPU
		{716F4BF4-C141-4D2F-89D7-A9CDEF58692D}.Debug|x86.ActiveCfg = Debug|Any CPU
		{716F4BF4-C141-4D2F-89D7-A9CDEF58692D}.Debug|x86.Build.0 = Debug|Any CPU
		{716F4BF4-C141-4D2F-89D7-A9CDEF58692D}.Release|Any CPU.ActiveCfg = Release|Any CPU
		{716F4BF4-C141-4D2F-89D7-A9CDEF58692D}.Release|Any CPU.Build.0 = Release|Any CPU
		{716F4BF4-C141-4D2F-89D7-A9CDEF58692D}.Release|ARM.ActiveCfg = Release|Any CPU
		{716F4BF4-C141-4D2F-89D7-A9CDEF58692D}.Release|ARM.Build.0 = Release|Any CPU
		{716F4BF4-C141-4D2F-89D7-A9CDEF58692D}.Release|iPhone.ActiveCfg = Release|Any CPU
		{716F4BF4-C141-4D2F-89D7-A9CDEF58692D}.Release|iPhone.Build.0 = Release|Any CPU
		{716F4BF4-C141-4D2F-89D7-A9CDEF58692D}.Release|iPhoneSimulator.ActiveCfg = Release|Any CPU
		{716F4BF4-C141-4D2F-89D7-A9CDEF58692D}.Release|iPhoneSimulator.Build.0 = Release|Any CPU
		{716F4BF4-C141-4D2F-89D7-A9CDEF58692D}.Release|x64.ActiveCfg = Release|Any CPU
		{716F4BF4-C141-4D2F-89D7-A9CDEF58692D}.Release|x64.Build.0 = Release|Any CPU
		{716F4BF4-C141-4D2F-89D7-A9CDEF58692D}.Release|x86.ActiveCfg = Release|Any CPU
		{716F4BF4-C141-4D2F-89D7-A9CDEF58692D}.Release|x86.Build.0 = Release|Any CPU
		{3007588F-E206-4FD5-B5FF-6D32BC0A9850}.Ad-Hoc|Any CPU.ActiveCfg = Release|Any CPU
		{3007588F-E206-4FD5-B5FF-6D32BC0A9850}.Ad-Hoc|Any CPU.Build.0 = Release|Any CPU
		{3007588F-E206-4FD5-B5FF-6D32BC0A9850}.Ad-Hoc|ARM.ActiveCfg = Release|Any CPU
		{3007588F-E206-4FD5-B5FF-6D32BC0A9850}.Ad-Hoc|ARM.Build.0 = Release|Any CPU
		{3007588F-E206-4FD5-B5FF-6D32BC0A9850}.Ad-Hoc|iPhone.ActiveCfg = Release|Any CPU
		{3007588F-E206-4FD5-B5FF-6D32BC0A9850}.Ad-Hoc|iPhone.Build.0 = Release|Any CPU
		{3007588F-E206-4FD5-B5FF-6D32BC0A9850}.Ad-Hoc|iPhoneSimulator.ActiveCfg = Release|Any CPU
		{3007588F-E206-4FD5-B5FF-6D32BC0A9850}.Ad-Hoc|iPhoneSimulator.Build.0 = Release|Any CPU
		{3007588F-E206-4FD5-B5FF-6D32BC0A9850}.Ad-Hoc|x64.ActiveCfg = Release|Any CPU
		{3007588F-E206-4FD5-B5FF-6D32BC0A9850}.Ad-Hoc|x64.Build.0 = Release|Any CPU
		{3007588F-E206-4FD5-B5FF-6D32BC0A9850}.Ad-Hoc|x86.ActiveCfg = Release|Any CPU
		{3007588F-E206-4FD5-B5FF-6D32BC0A9850}.Ad-Hoc|x86.Build.0 = Release|Any CPU
		{3007588F-E206-4FD5-B5FF-6D32BC0A9850}.AppStore|Any CPU.ActiveCfg = Release|Any CPU
		{3007588F-E206-4FD5-B5FF-6D32BC0A9850}.AppStore|Any CPU.Build.0 = Release|Any CPU
		{3007588F-E206-4FD5-B5FF-6D32BC0A9850}.AppStore|ARM.ActiveCfg = Release|Any CPU
		{3007588F-E206-4FD5-B5FF-6D32BC0A9850}.AppStore|ARM.Build.0 = Release|Any CPU
		{3007588F-E206-4FD5-B5FF-6D32BC0A9850}.AppStore|iPhone.ActiveCfg = Release|Any CPU
		{3007588F-E206-4FD5-B5FF-6D32BC0A9850}.AppStore|iPhone.Build.0 = Release|Any CPU
		{3007588F-E206-4FD5-B5FF-6D32BC0A9850}.AppStore|iPhoneSimulator.ActiveCfg = Release|Any CPU
		{3007588F-E206-4FD5-B5FF-6D32BC0A9850}.AppStore|iPhoneSimulator.Build.0 = Release|Any CPU
		{3007588F-E206-4FD5-B5FF-6D32BC0A9850}.AppStore|x64.ActiveCfg = Release|Any CPU
		{3007588F-E206-4FD5-B5FF-6D32BC0A9850}.AppStore|x64.Build.0 = Release|Any CPU
		{3007588F-E206-4FD5-B5FF-6D32BC0A9850}.AppStore|x86.ActiveCfg = Release|Any CPU
		{3007588F-E206-4FD5-B5FF-6D32BC0A9850}.AppStore|x86.Build.0 = Release|Any CPU
		{3007588F-E206-4FD5-B5FF-6D32BC0A9850}.Debug|Any CPU.ActiveCfg = Debug|Any CPU
		{3007588F-E206-4FD5-B5FF-6D32BC0A9850}.Debug|Any CPU.Build.0 = Debug|Any CPU
		{3007588F-E206-4FD5-B5FF-6D32BC0A9850}.Debug|ARM.ActiveCfg = Debug|Any CPU
		{3007588F-E206-4FD5-B5FF-6D32BC0A9850}.Debug|ARM.Build.0 = Debug|Any CPU
		{3007588F-E206-4FD5-B5FF-6D32BC0A9850}.Debug|iPhone.ActiveCfg = Debug|Any CPU
		{3007588F-E206-4FD5-B5FF-6D32BC0A9850}.Debug|iPhone.Build.0 = Debug|Any CPU
		{3007588F-E206-4FD5-B5FF-6D32BC0A9850}.Debug|iPhoneSimulator.ActiveCfg = Debug|Any CPU
		{3007588F-E206-4FD5-B5FF-6D32BC0A9850}.Debug|iPhoneSimulator.Build.0 = Debug|Any CPU
		{3007588F-E206-4FD5-B5FF-6D32BC0A9850}.Debug|x64.ActiveCfg = Debug|Any CPU
		{3007588F-E206-4FD5-B5FF-6D32BC0A9850}.Debug|x64.Build.0 = Debug|Any CPU
		{3007588F-E206-4FD5-B5FF-6D32BC0A9850}.Debug|x86.ActiveCfg = Debug|Any CPU
		{3007588F-E206-4FD5-B5FF-6D32BC0A9850}.Debug|x86.Build.0 = Debug|Any CPU
		{3007588F-E206-4FD5-B5FF-6D32BC0A9850}.Release|Any CPU.ActiveCfg = Release|Any CPU
		{3007588F-E206-4FD5-B5FF-6D32BC0A9850}.Release|Any CPU.Build.0 = Release|Any CPU
		{3007588F-E206-4FD5-B5FF-6D32BC0A9850}.Release|ARM.ActiveCfg = Release|Any CPU
		{3007588F-E206-4FD5-B5FF-6D32BC0A9850}.Release|ARM.Build.0 = Release|Any CPU
		{3007588F-E206-4FD5-B5FF-6D32BC0A9850}.Release|iPhone.ActiveCfg = Release|Any CPU
		{3007588F-E206-4FD5-B5FF-6D32BC0A9850}.Release|iPhone.Build.0 = Release|Any CPU
		{3007588F-E206-4FD5-B5FF-6D32BC0A9850}.Release|iPhoneSimulator.ActiveCfg = Release|Any CPU
		{3007588F-E206-4FD5-B5FF-6D32BC0A9850}.Release|iPhoneSimulator.Build.0 = Release|Any CPU
		{3007588F-E206-4FD5-B5FF-6D32BC0A9850}.Release|x64.ActiveCfg = Release|Any CPU
		{3007588F-E206-4FD5-B5FF-6D32BC0A9850}.Release|x64.Build.0 = Release|Any CPU
		{3007588F-E206-4FD5-B5FF-6D32BC0A9850}.Release|x86.ActiveCfg = Release|Any CPU
		{3007588F-E206-4FD5-B5FF-6D32BC0A9850}.Release|x86.Build.0 = Release|Any CPU
		{39C5F399-2FD5-4EC7-8D92-0690FC1A08F4}.Ad-Hoc|Any CPU.ActiveCfg = Release|Any CPU
		{39C5F399-2FD5-4EC7-8D92-0690FC1A08F4}.Ad-Hoc|Any CPU.Build.0 = Release|Any CPU
		{39C5F399-2FD5-4EC7-8D92-0690FC1A08F4}.Ad-Hoc|Any CPU.Deploy.0 = Release|Any CPU
		{39C5F399-2FD5-4EC7-8D92-0690FC1A08F4}.Ad-Hoc|ARM.ActiveCfg = Release|Any CPU
		{39C5F399-2FD5-4EC7-8D92-0690FC1A08F4}.Ad-Hoc|ARM.Build.0 = Release|Any CPU
		{39C5F399-2FD5-4EC7-8D92-0690FC1A08F4}.Ad-Hoc|ARM.Deploy.0 = Release|Any CPU
		{39C5F399-2FD5-4EC7-8D92-0690FC1A08F4}.Ad-Hoc|iPhone.ActiveCfg = Release|Any CPU
		{39C5F399-2FD5-4EC7-8D92-0690FC1A08F4}.Ad-Hoc|iPhone.Build.0 = Release|Any CPU
		{39C5F399-2FD5-4EC7-8D92-0690FC1A08F4}.Ad-Hoc|iPhone.Deploy.0 = Release|Any CPU
		{39C5F399-2FD5-4EC7-8D92-0690FC1A08F4}.Ad-Hoc|iPhoneSimulator.ActiveCfg = Release|Any CPU
		{39C5F399-2FD5-4EC7-8D92-0690FC1A08F4}.Ad-Hoc|iPhoneSimulator.Build.0 = Release|Any CPU
		{39C5F399-2FD5-4EC7-8D92-0690FC1A08F4}.Ad-Hoc|iPhoneSimulator.Deploy.0 = Release|Any CPU
		{39C5F399-2FD5-4EC7-8D92-0690FC1A08F4}.Ad-Hoc|x64.ActiveCfg = Release|Any CPU
		{39C5F399-2FD5-4EC7-8D92-0690FC1A08F4}.Ad-Hoc|x64.Build.0 = Release|Any CPU
		{39C5F399-2FD5-4EC7-8D92-0690FC1A08F4}.Ad-Hoc|x64.Deploy.0 = Release|Any CPU
		{39C5F399-2FD5-4EC7-8D92-0690FC1A08F4}.Ad-Hoc|x86.ActiveCfg = Release|Any CPU
		{39C5F399-2FD5-4EC7-8D92-0690FC1A08F4}.Ad-Hoc|x86.Build.0 = Release|Any CPU
		{39C5F399-2FD5-4EC7-8D92-0690FC1A08F4}.Ad-Hoc|x86.Deploy.0 = Release|Any CPU
		{39C5F399-2FD5-4EC7-8D92-0690FC1A08F4}.AppStore|Any CPU.ActiveCfg = Release|Any CPU
		{39C5F399-2FD5-4EC7-8D92-0690FC1A08F4}.AppStore|Any CPU.Build.0 = Release|Any CPU
		{39C5F399-2FD5-4EC7-8D92-0690FC1A08F4}.AppStore|Any CPU.Deploy.0 = Release|Any CPU
		{39C5F399-2FD5-4EC7-8D92-0690FC1A08F4}.AppStore|ARM.ActiveCfg = Release|Any CPU
		{39C5F399-2FD5-4EC7-8D92-0690FC1A08F4}.AppStore|ARM.Build.0 = Release|Any CPU
		{39C5F399-2FD5-4EC7-8D92-0690FC1A08F4}.AppStore|ARM.Deploy.0 = Release|Any CPU
		{39C5F399-2FD5-4EC7-8D92-0690FC1A08F4}.AppStore|iPhone.ActiveCfg = Release|Any CPU
		{39C5F399-2FD5-4EC7-8D92-0690FC1A08F4}.AppStore|iPhone.Build.0 = Release|Any CPU
		{39C5F399-2FD5-4EC7-8D92-0690FC1A08F4}.AppStore|iPhone.Deploy.0 = Release|Any CPU
		{39C5F399-2FD5-4EC7-8D92-0690FC1A08F4}.AppStore|iPhoneSimulator.ActiveCfg = Release|Any CPU
		{39C5F399-2FD5-4EC7-8D92-0690FC1A08F4}.AppStore|iPhoneSimulator.Build.0 = Release|Any CPU
		{39C5F399-2FD5-4EC7-8D92-0690FC1A08F4}.AppStore|iPhoneSimulator.Deploy.0 = Release|Any CPU
		{39C5F399-2FD5-4EC7-8D92-0690FC1A08F4}.AppStore|x64.ActiveCfg = Release|Any CPU
		{39C5F399-2FD5-4EC7-8D92-0690FC1A08F4}.AppStore|x64.Build.0 = Release|Any CPU
		{39C5F399-2FD5-4EC7-8D92-0690FC1A08F4}.AppStore|x64.Deploy.0 = Release|Any CPU
		{39C5F399-2FD5-4EC7-8D92-0690FC1A08F4}.AppStore|x86.ActiveCfg = Release|Any CPU
		{39C5F399-2FD5-4EC7-8D92-0690FC1A08F4}.AppStore|x86.Build.0 = Release|Any CPU
		{39C5F399-2FD5-4EC7-8D92-0690FC1A08F4}.AppStore|x86.Deploy.0 = Release|Any CPU
		{39C5F399-2FD5-4EC7-8D92-0690FC1A08F4}.Debug|Any CPU.ActiveCfg = Debug|Any CPU
		{39C5F399-2FD5-4EC7-8D92-0690FC1A08F4}.Debug|Any CPU.Build.0 = Debug|Any CPU
		{39C5F399-2FD5-4EC7-8D92-0690FC1A08F4}.Debug|Any CPU.Deploy.0 = Debug|Any CPU
		{39C5F399-2FD5-4EC7-8D92-0690FC1A08F4}.Debug|ARM.ActiveCfg = Debug|Any CPU
		{39C5F399-2FD5-4EC7-8D92-0690FC1A08F4}.Debug|ARM.Build.0 = Debug|Any CPU
		{39C5F399-2FD5-4EC7-8D92-0690FC1A08F4}.Debug|ARM.Deploy.0 = Debug|Any CPU
		{39C5F399-2FD5-4EC7-8D92-0690FC1A08F4}.Debug|iPhone.ActiveCfg = Debug|Any CPU
		{39C5F399-2FD5-4EC7-8D92-0690FC1A08F4}.Debug|iPhone.Build.0 = Debug|Any CPU
		{39C5F399-2FD5-4EC7-8D92-0690FC1A08F4}.Debug|iPhone.Deploy.0 = Debug|Any CPU
		{39C5F399-2FD5-4EC7-8D92-0690FC1A08F4}.Debug|iPhoneSimulator.ActiveCfg = Debug|Any CPU
		{39C5F399-2FD5-4EC7-8D92-0690FC1A08F4}.Debug|iPhoneSimulator.Build.0 = Debug|Any CPU
		{39C5F399-2FD5-4EC7-8D92-0690FC1A08F4}.Debug|iPhoneSimulator.Deploy.0 = Debug|Any CPU
		{39C5F399-2FD5-4EC7-8D92-0690FC1A08F4}.Debug|x64.ActiveCfg = Debug|Any CPU
		{39C5F399-2FD5-4EC7-8D92-0690FC1A08F4}.Debug|x64.Build.0 = Debug|Any CPU
		{39C5F399-2FD5-4EC7-8D92-0690FC1A08F4}.Debug|x64.Deploy.0 = Debug|Any CPU
		{39C5F399-2FD5-4EC7-8D92-0690FC1A08F4}.Debug|x86.ActiveCfg = Debug|Any CPU
		{39C5F399-2FD5-4EC7-8D92-0690FC1A08F4}.Debug|x86.Build.0 = Debug|Any CPU
		{39C5F399-2FD5-4EC7-8D92-0690FC1A08F4}.Debug|x86.Deploy.0 = Debug|Any CPU
		{39C5F399-2FD5-4EC7-8D92-0690FC1A08F4}.Release|Any CPU.ActiveCfg = Release|Any CPU
		{39C5F399-2FD5-4EC7-8D92-0690FC1A08F4}.Release|Any CPU.Build.0 = Release|Any CPU
		{39C5F399-2FD5-4EC7-8D92-0690FC1A08F4}.Release|Any CPU.Deploy.0 = Release|Any CPU
		{39C5F399-2FD5-4EC7-8D92-0690FC1A08F4}.Release|ARM.ActiveCfg = Release|Any CPU
		{39C5F399-2FD5-4EC7-8D92-0690FC1A08F4}.Release|ARM.Build.0 = Release|Any CPU
		{39C5F399-2FD5-4EC7-8D92-0690FC1A08F4}.Release|ARM.Deploy.0 = Release|Any CPU
		{39C5F399-2FD5-4EC7-8D92-0690FC1A08F4}.Release|iPhone.ActiveCfg = Release|Any CPU
		{39C5F399-2FD5-4EC7-8D92-0690FC1A08F4}.Release|iPhone.Build.0 = Release|Any CPU
		{39C5F399-2FD5-4EC7-8D92-0690FC1A08F4}.Release|iPhone.Deploy.0 = Release|Any CPU
		{39C5F399-2FD5-4EC7-8D92-0690FC1A08F4}.Release|iPhoneSimulator.ActiveCfg = Release|Any CPU
		{39C5F399-2FD5-4EC7-8D92-0690FC1A08F4}.Release|iPhoneSimulator.Build.0 = Release|Any CPU
		{39C5F399-2FD5-4EC7-8D92-0690FC1A08F4}.Release|iPhoneSimulator.Deploy.0 = Release|Any CPU
		{39C5F399-2FD5-4EC7-8D92-0690FC1A08F4}.Release|x64.ActiveCfg = Release|Any CPU
		{39C5F399-2FD5-4EC7-8D92-0690FC1A08F4}.Release|x64.Build.0 = Release|Any CPU
		{39C5F399-2FD5-4EC7-8D92-0690FC1A08F4}.Release|x64.Deploy.0 = Release|Any CPU
		{39C5F399-2FD5-4EC7-8D92-0690FC1A08F4}.Release|x86.ActiveCfg = Release|Any CPU
		{39C5F399-2FD5-4EC7-8D92-0690FC1A08F4}.Release|x86.Build.0 = Release|Any CPU
		{39C5F399-2FD5-4EC7-8D92-0690FC1A08F4}.Release|x86.Deploy.0 = Release|Any CPU
		{C729539E-0232-4AD3-9F7B-B28CD478B609}.Ad-Hoc|Any CPU.ActiveCfg = Ad-Hoc|iPhone
		{C729539E-0232-4AD3-9F7B-B28CD478B609}.Ad-Hoc|ARM.ActiveCfg = Ad-Hoc|iPhone
		{C729539E-0232-4AD3-9F7B-B28CD478B609}.Ad-Hoc|iPhone.ActiveCfg = Ad-Hoc|iPhone
		{C729539E-0232-4AD3-9F7B-B28CD478B609}.Ad-Hoc|iPhone.Build.0 = Ad-Hoc|iPhone
		{C729539E-0232-4AD3-9F7B-B28CD478B609}.Ad-Hoc|iPhoneSimulator.ActiveCfg = Ad-Hoc|iPhoneSimulator
		{C729539E-0232-4AD3-9F7B-B28CD478B609}.Ad-Hoc|iPhoneSimulator.Build.0 = Ad-Hoc|iPhoneSimulator
		{C729539E-0232-4AD3-9F7B-B28CD478B609}.Ad-Hoc|x64.ActiveCfg = Ad-Hoc|iPhone
		{C729539E-0232-4AD3-9F7B-B28CD478B609}.Ad-Hoc|x86.ActiveCfg = Ad-Hoc|iPhone
		{C729539E-0232-4AD3-9F7B-B28CD478B609}.AppStore|Any CPU.ActiveCfg = AppStore|iPhone
		{C729539E-0232-4AD3-9F7B-B28CD478B609}.AppStore|ARM.ActiveCfg = AppStore|iPhone
		{C729539E-0232-4AD3-9F7B-B28CD478B609}.AppStore|iPhone.ActiveCfg = AppStore|iPhone
		{C729539E-0232-4AD3-9F7B-B28CD478B609}.AppStore|iPhone.Build.0 = AppStore|iPhone
		{C729539E-0232-4AD3-9F7B-B28CD478B609}.AppStore|iPhoneSimulator.ActiveCfg = AppStore|iPhoneSimulator
		{C729539E-0232-4AD3-9F7B-B28CD478B609}.AppStore|iPhoneSimulator.Build.0 = AppStore|iPhoneSimulator
		{C729539E-0232-4AD3-9F7B-B28CD478B609}.AppStore|x64.ActiveCfg = AppStore|iPhone
		{C729539E-0232-4AD3-9F7B-B28CD478B609}.AppStore|x86.ActiveCfg = AppStore|iPhone
		{C729539E-0232-4AD3-9F7B-B28CD478B609}.Debug|Any CPU.ActiveCfg = Debug|iPhone
		{C729539E-0232-4AD3-9F7B-B28CD478B609}.Debug|ARM.ActiveCfg = Debug|iPhone
		{C729539E-0232-4AD3-9F7B-B28CD478B609}.Debug|iPhone.ActiveCfg = Debug|iPhone
		{C729539E-0232-4AD3-9F7B-B28CD478B609}.Debug|iPhone.Build.0 = Debug|iPhone
		{C729539E-0232-4AD3-9F7B-B28CD478B609}.Debug|iPhoneSimulator.ActiveCfg = Debug|iPhoneSimulator
		{C729539E-0232-4AD3-9F7B-B28CD478B609}.Debug|iPhoneSimulator.Build.0 = Debug|iPhoneSimulator
		{C729539E-0232-4AD3-9F7B-B28CD478B609}.Debug|x64.ActiveCfg = Debug|iPhone
		{C729539E-0232-4AD3-9F7B-B28CD478B609}.Debug|x86.ActiveCfg = Debug|iPhone
		{C729539E-0232-4AD3-9F7B-B28CD478B609}.Release|Any CPU.ActiveCfg = Release|iPhone
		{C729539E-0232-4AD3-9F7B-B28CD478B609}.Release|ARM.ActiveCfg = Release|iPhone
		{C729539E-0232-4AD3-9F7B-B28CD478B609}.Release|iPhone.ActiveCfg = Release|iPhone
		{C729539E-0232-4AD3-9F7B-B28CD478B609}.Release|iPhone.Build.0 = Release|iPhone
		{C729539E-0232-4AD3-9F7B-B28CD478B609}.Release|iPhoneSimulator.ActiveCfg = Release|iPhoneSimulator
		{C729539E-0232-4AD3-9F7B-B28CD478B609}.Release|iPhoneSimulator.Build.0 = Release|iPhoneSimulator
		{C729539E-0232-4AD3-9F7B-B28CD478B609}.Release|x64.ActiveCfg = Release|iPhone
		{C729539E-0232-4AD3-9F7B-B28CD478B609}.Release|x86.ActiveCfg = Release|iPhone
		{E5C26BF2-C367-4899-9C8B-7651D2818391}.Ad-Hoc|Any CPU.ActiveCfg = Release|Any CPU
		{E5C26BF2-C367-4899-9C8B-7651D2818391}.Ad-Hoc|Any CPU.Build.0 = Release|Any CPU
		{E5C26BF2-C367-4899-9C8B-7651D2818391}.Ad-Hoc|Any CPU.Deploy.0 = Release|Any CPU
		{E5C26BF2-C367-4899-9C8B-7651D2818391}.Ad-Hoc|ARM.ActiveCfg = Release|ARM
		{E5C26BF2-C367-4899-9C8B-7651D2818391}.Ad-Hoc|ARM.Build.0 = Release|ARM
		{E5C26BF2-C367-4899-9C8B-7651D2818391}.Ad-Hoc|ARM.Deploy.0 = Release|ARM
		{E5C26BF2-C367-4899-9C8B-7651D2818391}.Ad-Hoc|iPhone.ActiveCfg = Release|Any CPU
		{E5C26BF2-C367-4899-9C8B-7651D2818391}.Ad-Hoc|iPhone.Build.0 = Release|Any CPU
		{E5C26BF2-C367-4899-9C8B-7651D2818391}.Ad-Hoc|iPhone.Deploy.0 = Release|Any CPU
		{E5C26BF2-C367-4899-9C8B-7651D2818391}.Ad-Hoc|iPhoneSimulator.ActiveCfg = Release|Any CPU
		{E5C26BF2-C367-4899-9C8B-7651D2818391}.Ad-Hoc|iPhoneSimulator.Build.0 = Release|Any CPU
		{E5C26BF2-C367-4899-9C8B-7651D2818391}.Ad-Hoc|iPhoneSimulator.Deploy.0 = Release|Any CPU
		{E5C26BF2-C367-4899-9C8B-7651D2818391}.Ad-Hoc|x64.ActiveCfg = Release|Any CPU
		{E5C26BF2-C367-4899-9C8B-7651D2818391}.Ad-Hoc|x64.Build.0 = Release|Any CPU
		{E5C26BF2-C367-4899-9C8B-7651D2818391}.Ad-Hoc|x64.Deploy.0 = Release|Any CPU
		{E5C26BF2-C367-4899-9C8B-7651D2818391}.Ad-Hoc|x86.ActiveCfg = Release|x86
		{E5C26BF2-C367-4899-9C8B-7651D2818391}.Ad-Hoc|x86.Build.0 = Release|x86
		{E5C26BF2-C367-4899-9C8B-7651D2818391}.Ad-Hoc|x86.Deploy.0 = Release|x86
		{E5C26BF2-C367-4899-9C8B-7651D2818391}.AppStore|Any CPU.ActiveCfg = Release|Any CPU
		{E5C26BF2-C367-4899-9C8B-7651D2818391}.AppStore|Any CPU.Build.0 = Release|Any CPU
		{E5C26BF2-C367-4899-9C8B-7651D2818391}.AppStore|Any CPU.Deploy.0 = Release|Any CPU
		{E5C26BF2-C367-4899-9C8B-7651D2818391}.AppStore|ARM.ActiveCfg = Release|ARM
		{E5C26BF2-C367-4899-9C8B-7651D2818391}.AppStore|ARM.Build.0 = Release|ARM
		{E5C26BF2-C367-4899-9C8B-7651D2818391}.AppStore|ARM.Deploy.0 = Release|ARM
		{E5C26BF2-C367-4899-9C8B-7651D2818391}.AppStore|iPhone.ActiveCfg = Release|Any CPU
		{E5C26BF2-C367-4899-9C8B-7651D2818391}.AppStore|iPhone.Build.0 = Release|Any CPU
		{E5C26BF2-C367-4899-9C8B-7651D2818391}.AppStore|iPhone.Deploy.0 = Release|Any CPU
		{E5C26BF2-C367-4899-9C8B-7651D2818391}.AppStore|iPhoneSimulator.ActiveCfg = Release|Any CPU
		{E5C26BF2-C367-4899-9C8B-7651D2818391}.AppStore|iPhoneSimulator.Build.0 = Release|Any CPU
		{E5C26BF2-C367-4899-9C8B-7651D2818391}.AppStore|iPhoneSimulator.Deploy.0 = Release|Any CPU
		{E5C26BF2-C367-4899-9C8B-7651D2818391}.AppStore|x64.ActiveCfg = Release|Any CPU
		{E5C26BF2-C367-4899-9C8B-7651D2818391}.AppStore|x64.Build.0 = Release|Any CPU
		{E5C26BF2-C367-4899-9C8B-7651D2818391}.AppStore|x64.Deploy.0 = Release|Any CPU
		{E5C26BF2-C367-4899-9C8B-7651D2818391}.AppStore|x86.ActiveCfg = Release|x86
		{E5C26BF2-C367-4899-9C8B-7651D2818391}.AppStore|x86.Build.0 = Release|x86
		{E5C26BF2-C367-4899-9C8B-7651D2818391}.AppStore|x86.Deploy.0 = Release|x86
		{E5C26BF2-C367-4899-9C8B-7651D2818391}.Debug|Any CPU.ActiveCfg = Debug|Any CPU
		{E5C26BF2-C367-4899-9C8B-7651D2818391}.Debug|Any CPU.Build.0 = Debug|Any CPU
		{E5C26BF2-C367-4899-9C8B-7651D2818391}.Debug|Any CPU.Deploy.0 = Debug|Any CPU
		{E5C26BF2-C367-4899-9C8B-7651D2818391}.Debug|ARM.ActiveCfg = Debug|ARM
		{E5C26BF2-C367-4899-9C8B-7651D2818391}.Debug|ARM.Build.0 = Debug|ARM
		{E5C26BF2-C367-4899-9C8B-7651D2818391}.Debug|ARM.Deploy.0 = Debug|ARM
		{E5C26BF2-C367-4899-9C8B-7651D2818391}.Debug|iPhone.ActiveCfg = Debug|Any CPU
		{E5C26BF2-C367-4899-9C8B-7651D2818391}.Debug|iPhone.Build.0 = Debug|Any CPU
		{E5C26BF2-C367-4899-9C8B-7651D2818391}.Debug|iPhone.Deploy.0 = Debug|Any CPU
		{E5C26BF2-C367-4899-9C8B-7651D2818391}.Debug|iPhoneSimulator.ActiveCfg = Debug|Any CPU
		{E5C26BF2-C367-4899-9C8B-7651D2818391}.Debug|iPhoneSimulator.Build.0 = Debug|Any CPU
		{E5C26BF2-C367-4899-9C8B-7651D2818391}.Debug|iPhoneSimulator.Deploy.0 = Debug|Any CPU
		{E5C26BF2-C367-4899-9C8B-7651D2818391}.Debug|x64.ActiveCfg = Debug|Any CPU
		{E5C26BF2-C367-4899-9C8B-7651D2818391}.Debug|x64.Build.0 = Debug|Any CPU
		{E5C26BF2-C367-4899-9C8B-7651D2818391}.Debug|x64.Deploy.0 = Debug|Any CPU
		{E5C26BF2-C367-4899-9C8B-7651D2818391}.Debug|x86.ActiveCfg = Debug|x86
		{E5C26BF2-C367-4899-9C8B-7651D2818391}.Debug|x86.Build.0 = Debug|x86
		{E5C26BF2-C367-4899-9C8B-7651D2818391}.Debug|x86.Deploy.0 = Debug|x86
		{E5C26BF2-C367-4899-9C8B-7651D2818391}.Release|Any CPU.ActiveCfg = Release|Any CPU
		{E5C26BF2-C367-4899-9C8B-7651D2818391}.Release|Any CPU.Build.0 = Release|Any CPU
		{E5C26BF2-C367-4899-9C8B-7651D2818391}.Release|Any CPU.Deploy.0 = Release|Any CPU
		{E5C26BF2-C367-4899-9C8B-7651D2818391}.Release|ARM.ActiveCfg = Release|ARM
		{E5C26BF2-C367-4899-9C8B-7651D2818391}.Release|ARM.Build.0 = Release|ARM
		{E5C26BF2-C367-4899-9C8B-7651D2818391}.Release|ARM.Deploy.0 = Release|ARM
		{E5C26BF2-C367-4899-9C8B-7651D2818391}.Release|iPhone.ActiveCfg = Release|Any CPU
		{E5C26BF2-C367-4899-9C8B-7651D2818391}.Release|iPhone.Build.0 = Release|Any CPU
		{E5C26BF2-C367-4899-9C8B-7651D2818391}.Release|iPhone.Deploy.0 = Release|Any CPU
		{E5C26BF2-C367-4899-9C8B-7651D2818391}.Release|iPhoneSimulator.ActiveCfg = Release|Any CPU
		{E5C26BF2-C367-4899-9C8B-7651D2818391}.Release|iPhoneSimulator.Build.0 = Release|Any CPU
		{E5C26BF2-C367-4899-9C8B-7651D2818391}.Release|iPhoneSimulator.Deploy.0 = Release|Any CPU
		{E5C26BF2-C367-4899-9C8B-7651D2818391}.Release|x64.ActiveCfg = Release|Any CPU
		{E5C26BF2-C367-4899-9C8B-7651D2818391}.Release|x64.Build.0 = Release|Any CPU
		{E5C26BF2-C367-4899-9C8B-7651D2818391}.Release|x64.Deploy.0 = Release|Any CPU
		{E5C26BF2-C367-4899-9C8B-7651D2818391}.Release|x86.ActiveCfg = Release|x86
		{E5C26BF2-C367-4899-9C8B-7651D2818391}.Release|x86.Build.0 = Release|x86
		{E5C26BF2-C367-4899-9C8B-7651D2818391}.Release|x86.Deploy.0 = Release|x86
		{1B68F375-BE66-4BE7-9C29-11881F7B99A6}.Ad-Hoc|Any CPU.ActiveCfg = Release|Any CPU
		{1B68F375-BE66-4BE7-9C29-11881F7B99A6}.Ad-Hoc|Any CPU.Build.0 = Release|Any CPU
		{1B68F375-BE66-4BE7-9C29-11881F7B99A6}.Ad-Hoc|Any CPU.Deploy.0 = Release|Any CPU
		{1B68F375-BE66-4BE7-9C29-11881F7B99A6}.Ad-Hoc|ARM.ActiveCfg = Release|ARM
		{1B68F375-BE66-4BE7-9C29-11881F7B99A6}.Ad-Hoc|ARM.Build.0 = Release|ARM
		{1B68F375-BE66-4BE7-9C29-11881F7B99A6}.Ad-Hoc|ARM.Deploy.0 = Release|ARM
		{1B68F375-BE66-4BE7-9C29-11881F7B99A6}.Ad-Hoc|iPhone.ActiveCfg = Release|Any CPU
		{1B68F375-BE66-4BE7-9C29-11881F7B99A6}.Ad-Hoc|iPhone.Build.0 = Release|Any CPU
		{1B68F375-BE66-4BE7-9C29-11881F7B99A6}.Ad-Hoc|iPhone.Deploy.0 = Release|Any CPU
		{1B68F375-BE66-4BE7-9C29-11881F7B99A6}.Ad-Hoc|iPhoneSimulator.ActiveCfg = Release|Any CPU
		{1B68F375-BE66-4BE7-9C29-11881F7B99A6}.Ad-Hoc|iPhoneSimulator.Build.0 = Release|Any CPU
		{1B68F375-BE66-4BE7-9C29-11881F7B99A6}.Ad-Hoc|iPhoneSimulator.Deploy.0 = Release|Any CPU
		{1B68F375-BE66-4BE7-9C29-11881F7B99A6}.Ad-Hoc|x64.ActiveCfg = Release|x64
		{1B68F375-BE66-4BE7-9C29-11881F7B99A6}.Ad-Hoc|x64.Build.0 = Release|x64
		{1B68F375-BE66-4BE7-9C29-11881F7B99A6}.Ad-Hoc|x64.Deploy.0 = Release|x64
		{1B68F375-BE66-4BE7-9C29-11881F7B99A6}.Ad-Hoc|x86.ActiveCfg = Release|x86
		{1B68F375-BE66-4BE7-9C29-11881F7B99A6}.Ad-Hoc|x86.Build.0 = Release|x86
		{1B68F375-BE66-4BE7-9C29-11881F7B99A6}.Ad-Hoc|x86.Deploy.0 = Release|x86
		{1B68F375-BE66-4BE7-9C29-11881F7B99A6}.AppStore|Any CPU.ActiveCfg = Release|Any CPU
		{1B68F375-BE66-4BE7-9C29-11881F7B99A6}.AppStore|Any CPU.Build.0 = Release|Any CPU
		{1B68F375-BE66-4BE7-9C29-11881F7B99A6}.AppStore|Any CPU.Deploy.0 = Release|Any CPU
		{1B68F375-BE66-4BE7-9C29-11881F7B99A6}.AppStore|ARM.ActiveCfg = Release|ARM
		{1B68F375-BE66-4BE7-9C29-11881F7B99A6}.AppStore|ARM.Build.0 = Release|ARM
		{1B68F375-BE66-4BE7-9C29-11881F7B99A6}.AppStore|ARM.Deploy.0 = Release|ARM
		{1B68F375-BE66-4BE7-9C29-11881F7B99A6}.AppStore|iPhone.ActiveCfg = Release|Any CPU
		{1B68F375-BE66-4BE7-9C29-11881F7B99A6}.AppStore|iPhone.Build.0 = Release|Any CPU
		{1B68F375-BE66-4BE7-9C29-11881F7B99A6}.AppStore|iPhone.Deploy.0 = Release|Any CPU
		{1B68F375-BE66-4BE7-9C29-11881F7B99A6}.AppStore|iPhoneSimulator.ActiveCfg = Release|Any CPU
		{1B68F375-BE66-4BE7-9C29-11881F7B99A6}.AppStore|iPhoneSimulator.Build.0 = Release|Any CPU
		{1B68F375-BE66-4BE7-9C29-11881F7B99A6}.AppStore|iPhoneSimulator.Deploy.0 = Release|Any CPU
		{1B68F375-BE66-4BE7-9C29-11881F7B99A6}.AppStore|x64.ActiveCfg = Release|x64
		{1B68F375-BE66-4BE7-9C29-11881F7B99A6}.AppStore|x64.Build.0 = Release|x64
		{1B68F375-BE66-4BE7-9C29-11881F7B99A6}.AppStore|x64.Deploy.0 = Release|x64
		{1B68F375-BE66-4BE7-9C29-11881F7B99A6}.AppStore|x86.ActiveCfg = Release|x86
		{1B68F375-BE66-4BE7-9C29-11881F7B99A6}.AppStore|x86.Build.0 = Release|x86
		{1B68F375-BE66-4BE7-9C29-11881F7B99A6}.AppStore|x86.Deploy.0 = Release|x86
		{1B68F375-BE66-4BE7-9C29-11881F7B99A6}.Debug|Any CPU.ActiveCfg = Debug|Any CPU
		{1B68F375-BE66-4BE7-9C29-11881F7B99A6}.Debug|Any CPU.Build.0 = Debug|Any CPU
		{1B68F375-BE66-4BE7-9C29-11881F7B99A6}.Debug|Any CPU.Deploy.0 = Debug|Any CPU
		{1B68F375-BE66-4BE7-9C29-11881F7B99A6}.Debug|ARM.ActiveCfg = Debug|ARM
		{1B68F375-BE66-4BE7-9C29-11881F7B99A6}.Debug|ARM.Build.0 = Debug|ARM
		{1B68F375-BE66-4BE7-9C29-11881F7B99A6}.Debug|ARM.Deploy.0 = Debug|ARM
		{1B68F375-BE66-4BE7-9C29-11881F7B99A6}.Debug|iPhone.ActiveCfg = Debug|Any CPU
		{1B68F375-BE66-4BE7-9C29-11881F7B99A6}.Debug|iPhone.Build.0 = Debug|Any CPU
		{1B68F375-BE66-4BE7-9C29-11881F7B99A6}.Debug|iPhone.Deploy.0 = Debug|Any CPU
		{1B68F375-BE66-4BE7-9C29-11881F7B99A6}.Debug|iPhoneSimulator.ActiveCfg = Debug|Any CPU
		{1B68F375-BE66-4BE7-9C29-11881F7B99A6}.Debug|iPhoneSimulator.Build.0 = Debug|Any CPU
		{1B68F375-BE66-4BE7-9C29-11881F7B99A6}.Debug|iPhoneSimulator.Deploy.0 = Debug|Any CPU
		{1B68F375-BE66-4BE7-9C29-11881F7B99A6}.Debug|x64.ActiveCfg = Debug|x64
		{1B68F375-BE66-4BE7-9C29-11881F7B99A6}.Debug|x64.Build.0 = Debug|x64
		{1B68F375-BE66-4BE7-9C29-11881F7B99A6}.Debug|x64.Deploy.0 = Debug|x64
		{1B68F375-BE66-4BE7-9C29-11881F7B99A6}.Debug|x86.ActiveCfg = Debug|x86
		{1B68F375-BE66-4BE7-9C29-11881F7B99A6}.Debug|x86.Build.0 = Debug|x86
		{1B68F375-BE66-4BE7-9C29-11881F7B99A6}.Debug|x86.Deploy.0 = Debug|x86
		{1B68F375-BE66-4BE7-9C29-11881F7B99A6}.Release|Any CPU.ActiveCfg = Release|Any CPU
		{1B68F375-BE66-4BE7-9C29-11881F7B99A6}.Release|Any CPU.Build.0 = Release|Any CPU
		{1B68F375-BE66-4BE7-9C29-11881F7B99A6}.Release|Any CPU.Deploy.0 = Release|Any CPU
		{1B68F375-BE66-4BE7-9C29-11881F7B99A6}.Release|ARM.ActiveCfg = Release|ARM
		{1B68F375-BE66-4BE7-9C29-11881F7B99A6}.Release|ARM.Build.0 = Release|ARM
		{1B68F375-BE66-4BE7-9C29-11881F7B99A6}.Release|ARM.Deploy.0 = Release|ARM
		{1B68F375-BE66-4BE7-9C29-11881F7B99A6}.Release|iPhone.ActiveCfg = Release|Any CPU
		{1B68F375-BE66-4BE7-9C29-11881F7B99A6}.Release|iPhone.Build.0 = Release|Any CPU
		{1B68F375-BE66-4BE7-9C29-11881F7B99A6}.Release|iPhone.Deploy.0 = Release|Any CPU
		{1B68F375-BE66-4BE7-9C29-11881F7B99A6}.Release|iPhoneSimulator.ActiveCfg = Release|Any CPU
		{1B68F375-BE66-4BE7-9C29-11881F7B99A6}.Release|iPhoneSimulator.Build.0 = Release|Any CPU
		{1B68F375-BE66-4BE7-9C29-11881F7B99A6}.Release|iPhoneSimulator.Deploy.0 = Release|Any CPU
		{1B68F375-BE66-4BE7-9C29-11881F7B99A6}.Release|x64.ActiveCfg = Release|x64
		{1B68F375-BE66-4BE7-9C29-11881F7B99A6}.Release|x64.Build.0 = Release|x64
		{1B68F375-BE66-4BE7-9C29-11881F7B99A6}.Release|x64.Deploy.0 = Release|x64
		{1B68F375-BE66-4BE7-9C29-11881F7B99A6}.Release|x86.ActiveCfg = Release|x86
		{1B68F375-BE66-4BE7-9C29-11881F7B99A6}.Release|x86.Build.0 = Release|x86
		{1B68F375-BE66-4BE7-9C29-11881F7B99A6}.Release|x86.Deploy.0 = Release|x86
	EndGlobalSection
	GlobalSection(SolutionProperties) = preSolution
		HideSolutionNode = FALSE
	EndGlobalSection
EndGlobal
