
Microsoft Visual Studio Solution File, Format Version 12.00
# Visual Studio 14
VisualStudioVersion = 14.0.25420.1
MinimumVisualStudioVersion = 10.0.40219.1
Project("{FAE04EC0-301F-11D3-BF4B-00C04F79EFBC}") = "MyApi", "MyApi\MyApi.csproj", "{716F4BF4-C141-4D2F-89D7-A9CDEF58692D}"
EndProject
Project("{FAE04EC0-301F-11D3-BF4B-00C04F79EFBC}") = "Common", "Common\Common.csproj", "{3007588F-E206-4FD5-B5FF-6D32BC0A9850}"
EndProject
Project("{D954291E-2A0B-460D-934E-DC6B0785DB48}") = "MyApp", "MyApp\MyApp\MyApp.shproj", "{CA38A03A-3BA6-41B8-84C0-506E22BF4E17}"
EndProject
Project("{FAE04EC0-301F-11D3-BF4B-00C04F79EFBC}") = "MyApp.Droid", "MyApp\MyApp.Droid\MyApp.Droid.csproj", "{F2A9FF5C-A3A7-4EE4-A694-D582EF428FB9}"
EndProject
Project("{FAE04EC0-301F-11D3-BF4B-00C04F79EFBC}") = "MyApp.iOS", "MyApp\MyApp.iOS\MyApp.iOS.csproj", "{C9F0CEEC-B732-4781-9BB0-0A17DAD5A3D8}"
EndProject
Project("{FAE04EC0-301F-11D3-BF4B-00C04F79EFBC}") = "MyApp.WinPhone", "MyApp\MyApp.WinPhone\MyApp.WinPhone.csproj", "{CFC3AEA9-2201-4EF7-A1F1-79F317BE78C5}"
EndProject
Project("{FAE04EC0-301F-11D3-BF4B-00C04F79EFBC}") = "MyApp.Windows", "MyApp\MyApp.Windows\MyApp.Windows.csproj", "{E041861E-A8EF-410C-9AC2-BDDD73D30F26}"
EndProject
Global
	GlobalSection(SharedMSBuildProjectFiles) = preSolution
		MyApp\MyApp\MyApp.projitems*{c9f0ceec-b732-4781-9bb0-0a17dad5a3d8}*SharedItemsImports = 4
		MyApp\MyApp\MyApp.projitems*{ca38a03a-3ba6-41b8-84c0-506e22bf4e17}*SharedItemsImports = 13
		MyApp\MyApp\MyApp.projitems*{f2a9ff5c-a3a7-4ee4-a694-d582ef428fb9}*SharedItemsImports = 4
	EndGlobalSection
	GlobalSection(SolutionConfigurationPlatforms) = preSolution
		Ad-Hoc|Any CPU = Ad-Hoc|Any CPU
		Ad-Hoc|ARM = Ad-Hoc|ARM
		Ad-Hoc|iPhone = Ad-Hoc|iPhone
		Ad-Hoc|iPhoneSimulator = Ad-Hoc|iPhoneSimulator
		Ad-Hoc|x64 = Ad-Hoc|x64
		Ad-Hoc|x86 = Ad-Hoc|x86
		AppStore|Any CPU = AppStore|Any CPU
		AppStore|ARM = AppStore|ARM
		AppStore|iPhone = AppStore|iPhone
		AppStore|iPhoneSimulator = AppStore|iPhoneSimulator
		AppStore|x64 = AppStore|x64
		AppStore|x86 = AppStore|x86
		Debug|Any CPU = Debug|Any CPU
		Debug|ARM = Debug|ARM
		Debug|iPhone = Debug|iPhone
		Debug|iPhoneSimulator = Debug|iPhoneSimulator
		Debug|x64 = Debug|x64
		Debug|x86 = Debug|x86
		Release|Any CPU = Release|Any CPU
		Release|ARM = Release|ARM
		Release|iPhone = Release|iPhone
		Release|iPhoneSimulator = Release|iPhoneSimulator
		Release|x64 = Release|x64
		Release|x86 = Release|x86
	EndGlobalSection
	GlobalSection(ProjectConfigurationPlatforms) = postSolution
		{716F4BF4-C141-4D2F-89D7-A9CDEF58692D}.Ad-Hoc|Any CPU.ActiveCfg = Release|Any CPU
		{716F4BF4-C141-4D2F-89D7-A9CDEF58692D}.Ad-Hoc|Any CPU.Build.0 = Release|Any CPU
		{716F4BF4-C141-4D2F-89D7-A9CDEF58692D}.Ad-Hoc|ARM.ActiveCfg = Release|Any CPU
		{716F4BF4-C141-4D2F-89D7-A9CDEF58692D}.Ad-Hoc|ARM.Build.0 = Release|Any CPU
		{716F4BF4-C141-4D2F-89D7-A9CDEF58692D}.Ad-Hoc|iPhone.ActiveCfg = Release|Any CPU
		{716F4BF4-C141-4D2F-89D7-A9CDEF58692D}.Ad-Hoc|iPhone.Build.0 = Release|Any CPU
		{716F4BF4-C141-4D2F-89D7-A9CDEF58692D}.Ad-Hoc|iPhoneSimulator.ActiveCfg = Release|Any CPU
		{716F4BF4-C141-4D2F-89D7-A9CDEF58692D}.Ad-Hoc|iPhoneSimulator.Build.0 = Release|Any CPU
		{716F4BF4-C141-4D2F-89D7-A9CDEF58692D}.Ad-Hoc|x64.ActiveCfg = Release|Any CPU
		{716F4BF4-C141-4D2F-89D7-A9CDEF58692D}.Ad-Hoc|x64.Build.0 = Release|Any CPU
		{716F4BF4-C141-4D2F-89D7-A9CDEF58692D}.Ad-Hoc|x86.ActiveCfg = Release|Any CPU
		{716F4BF4-C141-4D2F-89D7-A9CDEF58692D}.Ad-Hoc|x86.Build.0 = Release|Any CPU
		{716F4BF4-C141-4D2F-89D7-A9CDEF58692D}.AppStore|Any CPU.ActiveCfg = Release|Any CPU
		{716F4BF4-C141-4D2F-89D7-A9CDEF58692D}.AppStore|Any CPU.Build.0 = Release|Any CPU
		{716F4BF4-C141-4D2F-89D7-A9CDEF58692D}.AppStore|ARM.ActiveCfg = Release|Any CPU
		{716F4BF4-C141-4D2F-89D7-A9CDEF58692D}.AppStore|ARM.Build.0 = Release|Any CPU
		{716F4BF4-C141-4D2F-89D7-A9CDEF58692D}.AppStore|iPhone.ActiveCfg = Release|Any CPU
		{716F4BF4-C141-4D2F-89D7-A9CDEF58692D}.AppStore|iPhone.Build.0 = Release|Any CPU
		{716F4BF4-C141-4D2F-89D7-A9CDEF58692D}.AppStore|iPhoneSimulator.ActiveCfg = Release|Any CPU
		{716F4BF4-C141-4D2F-89D7-A9CDEF58692D}.AppStore|iPhoneSimulator.Build.0 = Release|Any CPU
		{716F4BF4-C141-4D2F-89D7-A9CDEF58692D}.AppStore|x64.ActiveCfg = Release|Any CPU
		{716F4BF4-C141-4D2F-89D7-A9CDEF58692D}.AppStore|x64.Build.0 = Release|Any CPU
		{716F4BF4-C141-4D2F-89D7-A9CDEF58692D}.AppStore|x86.ActiveCfg = Release|Any CPU
		{716F4BF4-C141-4D2F-89D7-A9CDEF58692D}.AppStore|x86.Build.0 = Release|Any CPU
		{716F4BF4-C141-4D2F-89D7-A9CDEF58692D}.Debug|Any CPU.ActiveCfg = Debug|Any CPU
		{716F4BF4-C141-4D2F-89D7-A9CDEF58692D}.Debug|Any CPU.Build.0 = Debug|Any CPU
		{716F4BF4-C141-4D2F-89D7-A9CDEF58692D}.Debug|ARM.ActiveCfg = Debug|Any CPU
		{716F4BF4-C141-4D2F-89D7-A9CDEF58692D}.Debug|ARM.Build.0 = Debug|Any CPU
		{716F4BF4-C141-4D2F-89D7-A9CDEF58692D}.Debug|iPhone.ActiveCfg = Debug|Any CPU
		{716F4BF4-C141-4D2F-89D7-A9CDEF58692D}.Debug|iPhone.Build.0 = Debug|Any CPU
		{716F4BF4-C141-4D2F-89D7-A9CDEF58692D}.Debug|iPhoneSimulator.ActiveCfg = Debug|Any CPU
		{716F4BF4-C141-4D2F-89D7-A9CDEF58692D}.Debug|iPhoneSimulator.Build.0 = Debug|Any CPU
		{716F4BF4-C141-4D2F-89D7-A9CDEF58692D}.Debug|x64.ActiveCfg = Debug|Any CPU
		{716F4BF4-C141-4D2F-89D7-A9CDEF58692D}.Debug|x64.Build.0 = Debug|Any CPU
		{716F4BF4-C141-4D2F-89D7-A9CDEF58692D}.Debug|x86.ActiveCfg = Debug|Any CPU
		{716F4BF4-C141-4D2F-89D7-A9CDEF58692D}.Debug|x86.Build.0 = Debug|Any CPU
		{716F4BF4-C141-4D2F-89D7-A9CDEF58692D}.Release|Any CPU.ActiveCfg = Release|Any CPU
		{716F4BF4-C141-4D2F-89D7-A9CDEF58692D}.Release|Any CPU.Build.0 = Release|Any CPU
		{716F4BF4-C141-4D2F-89D7-A9CDEF58692D}.Release|ARM.ActiveCfg = Release|Any CPU
		{716F4BF4-C141-4D2F-89D7-A9CDEF58692D}.Release|ARM.Build.0 = Release|Any CPU
		{716F4BF4-C141-4D2F-89D7-A9CDEF58692D}.Release|iPhone.ActiveCfg = Release|Any CPU
		{716F4BF4-C141-4D2F-89D7-A9CDEF58692D}.Release|iPhone.Build.0 = Release|Any CPU
		{716F4BF4-C141-4D2F-89D7-A9CDEF58692D}.Release|iPhoneSimulator.ActiveCfg = Release|Any CPU
		{716F4BF4-C141-4D2F-89D7-A9CDEF58692D}.Release|iPhoneSimulator.Build.0 = Release|Any CPU
		{716F4BF4-C141-4D2F-89D7-A9CDEF58692D}.Release|x64.ActiveCfg = Release|Any CPU
		{716F4BF4-C141-4D2F-89D7-A9CDEF58692D}.Release|x64.Build.0 = Release|Any CPU
		{716F4BF4-C141-4D2F-89D7-A9CDEF58692D}.Release|x86.ActiveCfg = Release|Any CPU
		{716F4BF4-C141-4D2F-89D7-A9CDEF58692D}.Release|x86.Build.0 = Release|Any CPU
		{3007588F-E206-4FD5-B5FF-6D32BC0A9850}.Ad-Hoc|Any CPU.ActiveCfg = Release|Any CPU
		{3007588F-E206-4FD5-B5FF-6D32BC0A9850}.Ad-Hoc|Any CPU.Build.0 = Release|Any CPU
		{3007588F-E206-4FD5-B5FF-6D32BC0A9850}.Ad-Hoc|ARM.ActiveCfg = Release|Any CPU
		{3007588F-E206-4FD5-B5FF-6D32BC0A9850}.Ad-Hoc|ARM.Build.0 = Release|Any CPU
		{3007588F-E206-4FD5-B5FF-6D32BC0A9850}.Ad-Hoc|iPhone.ActiveCfg = Release|Any CPU
		{3007588F-E206-4FD5-B5FF-6D32BC0A9850}.Ad-Hoc|iPhone.Build.0 = Release|Any CPU
		{3007588F-E206-4FD5-B5FF-6D32BC0A9850}.Ad-Hoc|iPhoneSimulator.ActiveCfg = Release|Any CPU
		{3007588F-E206-4FD5-B5FF-6D32BC0A9850}.Ad-Hoc|iPhoneSimulator.Build.0 = Release|Any CPU
		{3007588F-E206-4FD5-B5FF-6D32BC0A9850}.Ad-Hoc|x64.ActiveCfg = Release|Any CPU
		{3007588F-E206-4FD5-B5FF-6D32BC0A9850}.Ad-Hoc|x64.Build.0 = Release|Any CPU
		{3007588F-E206-4FD5-B5FF-6D32BC0A9850}.Ad-Hoc|x86.ActiveCfg = Release|Any CPU
		{3007588F-E206-4FD5-B5FF-6D32BC0A9850}.Ad-Hoc|x86.Build.0 = Release|Any CPU
		{3007588F-E206-4FD5-B5FF-6D32BC0A9850}.AppStore|Any CPU.ActiveCfg = Release|Any CPU
		{3007588F-E206-4FD5-B5FF-6D32BC0A9850}.AppStore|Any CPU.Build.0 = Release|Any CPU
		{3007588F-E206-4FD5-B5FF-6D32BC0A9850}.AppStore|ARM.ActiveCfg = Release|Any CPU
		{3007588F-E206-4FD5-B5FF-6D32BC0A9850}.AppStore|ARM.Build.0 = Release|Any CPU
		{3007588F-E206-4FD5-B5FF-6D32BC0A9850}.AppStore|iPhone.ActiveCfg = Release|Any CPU
		{3007588F-E206-4FD5-B5FF-6D32BC0A9850}.AppStore|iPhone.Build.0 = Release|Any CPU
		{3007588F-E206-4FD5-B5FF-6D32BC0A9850}.AppStore|iPhoneSimulator.ActiveCfg = Release|Any CPU
		{3007588F-E206-4FD5-B5FF-6D32BC0A9850}.AppStore|iPhoneSimulator.Build.0 = Release|Any CPU
		{3007588F-E206-4FD5-B5FF-6D32BC0A9850}.AppStore|x64.ActiveCfg = Release|Any CPU
		{3007588F-E206-4FD5-B5FF-6D32BC0A9850}.AppStore|x64.Build.0 = Release|Any CPU
		{3007588F-E206-4FD5-B5FF-6D32BC0A9850}.AppStore|x86.ActiveCfg = Release|Any CPU
		{3007588F-E206-4FD5-B5FF-6D32BC0A9850}.AppStore|x86.Build.0 = Release|Any CPU
		{3007588F-E206-4FD5-B5FF-6D32BC0A9850}.Debug|Any CPU.ActiveCfg = Debug|Any CPU
		{3007588F-E206-4FD5-B5FF-6D32BC0A9850}.Debug|Any CPU.Build.0 = Debug|Any CPU
		{3007588F-E206-4FD5-B5FF-6D32BC0A9850}.Debug|ARM.ActiveCfg = Debug|Any CPU
		{3007588F-E206-4FD5-B5FF-6D32BC0A9850}.Debug|ARM.Build.0 = Debug|Any CPU
		{3007588F-E206-4FD5-B5FF-6D32BC0A9850}.Debug|iPhone.ActiveCfg = Debug|Any CPU
		{3007588F-E206-4FD5-B5FF-6D32BC0A9850}.Debug|iPhone.Build.0 = Debug|Any CPU
		{3007588F-E206-4FD5-B5FF-6D32BC0A9850}.Debug|iPhoneSimulator.ActiveCfg = Debug|Any CPU
		{3007588F-E206-4FD5-B5FF-6D32BC0A9850}.Debug|iPhoneSimulator.Build.0 = Debug|Any CPU
		{3007588F-E206-4FD5-B5FF-6D32BC0A9850}.Debug|x64.ActiveCfg = Debug|Any CPU
		{3007588F-E206-4FD5-B5FF-6D32BC0A9850}.Debug|x64.Build.0 = Debug|Any CPU
		{3007588F-E206-4FD5-B5FF-6D32BC0A9850}.Debug|x86.ActiveCfg = Debug|Any CPU
		{3007588F-E206-4FD5-B5FF-6D32BC0A9850}.Debug|x86.Build.0 = Debug|Any CPU
		{3007588F-E206-4FD5-B5FF-6D32BC0A9850}.Release|Any CPU.ActiveCfg = Release|Any CPU
		{3007588F-E206-4FD5-B5FF-6D32BC0A9850}.Release|Any CPU.Build.0 = Release|Any CPU
		{3007588F-E206-4FD5-B5FF-6D32BC0A9850}.Release|ARM.ActiveCfg = Release|Any CPU
		{3007588F-E206-4FD5-B5FF-6D32BC0A9850}.Release|ARM.Build.0 = Release|Any CPU
		{3007588F-E206-4FD5-B5FF-6D32BC0A9850}.Release|iPhone.ActiveCfg = Release|Any CPU
		{3007588F-E206-4FD5-B5FF-6D32BC0A9850}.Release|iPhone.Build.0 = Release|Any CPU
		{3007588F-E206-4FD5-B5FF-6D32BC0A9850}.Release|iPhoneSimulator.ActiveCfg = Release|Any CPU
		{3007588F-E206-4FD5-B5FF-6D32BC0A9850}.Release|iPhoneSimulator.Build.0 = Release|Any CPU
		{3007588F-E206-4FD5-B5FF-6D32BC0A9850}.Release|x64.ActiveCfg = Release|Any CPU
		{3007588F-E206-4FD5-B5FF-6D32BC0A9850}.Release|x64.Build.0 = Release|Any CPU
		{3007588F-E206-4FD5-B5FF-6D32BC0A9850}.Release|x86.ActiveCfg = Release|Any CPU
		{3007588F-E206-4FD5-B5FF-6D32BC0A9850}.Release|x86.Build.0 = Release|Any CPU
		{F2A9FF5C-A3A7-4EE4-A694-D582EF428FB9}.Ad-Hoc|Any CPU.ActiveCfg = Release|Any CPU
		{F2A9FF5C-A3A7-4EE4-A694-D582EF428FB9}.Ad-Hoc|Any CPU.Build.0 = Release|Any CPU
		{F2A9FF5C-A3A7-4EE4-A694-D582EF428FB9}.Ad-Hoc|Any CPU.Deploy.0 = Release|Any CPU
		{F2A9FF5C-A3A7-4EE4-A694-D582EF428FB9}.Ad-Hoc|ARM.ActiveCfg = Release|Any CPU
		{F2A9FF5C-A3A7-4EE4-A694-D582EF428FB9}.Ad-Hoc|ARM.Build.0 = Release|Any CPU
		{F2A9FF5C-A3A7-4EE4-A694-D582EF428FB9}.Ad-Hoc|ARM.Deploy.0 = Release|Any CPU
		{F2A9FF5C-A3A7-4EE4-A694-D582EF428FB9}.Ad-Hoc|iPhone.ActiveCfg = Release|Any CPU
		{F2A9FF5C-A3A7-4EE4-A694-D582EF428FB9}.Ad-Hoc|iPhone.Build.0 = Release|Any CPU
		{F2A9FF5C-A3A7-4EE4-A694-D582EF428FB9}.Ad-Hoc|iPhone.Deploy.0 = Release|Any CPU
		{F2A9FF5C-A3A7-4EE4-A694-D582EF428FB9}.Ad-Hoc|iPhoneSimulator.ActiveCfg = Release|Any CPU
		{F2A9FF5C-A3A7-4EE4-A694-D582EF428FB9}.Ad-Hoc|iPhoneSimulator.Build.0 = Release|Any CPU
		{F2A9FF5C-A3A7-4EE4-A694-D582EF428FB9}.Ad-Hoc|iPhoneSimulator.Deploy.0 = Release|Any CPU
		{F2A9FF5C-A3A7-4EE4-A694-D582EF428FB9}.Ad-Hoc|x64.ActiveCfg = Release|Any CPU
		{F2A9FF5C-A3A7-4EE4-A694-D582EF428FB9}.Ad-Hoc|x64.Build.0 = Release|Any CPU
		{F2A9FF5C-A3A7-4EE4-A694-D582EF428FB9}.Ad-Hoc|x64.Deploy.0 = Release|Any CPU
		{F2A9FF5C-A3A7-4EE4-A694-D582EF428FB9}.Ad-Hoc|x86.ActiveCfg = Release|Any CPU
		{F2A9FF5C-A3A7-4EE4-A694-D582EF428FB9}.Ad-Hoc|x86.Build.0 = Release|Any CPU
		{F2A9FF5C-A3A7-4EE4-A694-D582EF428FB9}.Ad-Hoc|x86.Deploy.0 = Release|Any CPU
		{F2A9FF5C-A3A7-4EE4-A694-D582EF428FB9}.AppStore|Any CPU.ActiveCfg = Release|Any CPU
		{F2A9FF5C-A3A7-4EE4-A694-D582EF428FB9}.AppStore|Any CPU.Build.0 = Release|Any CPU
		{F2A9FF5C-A3A7-4EE4-A694-D582EF428FB9}.AppStore|Any CPU.Deploy.0 = Release|Any CPU
		{F2A9FF5C-A3A7-4EE4-A694-D582EF428FB9}.AppStore|ARM.ActiveCfg = Release|Any CPU
		{F2A9FF5C-A3A7-4EE4-A694-D582EF428FB9}.AppStore|ARM.Build.0 = Release|Any CPU
		{F2A9FF5C-A3A7-4EE4-A694-D582EF428FB9}.AppStore|ARM.Deploy.0 = Release|Any CPU
		{F2A9FF5C-A3A7-4EE4-A694-D582EF428FB9}.AppStore|iPhone.ActiveCfg = Release|Any CPU
		{F2A9FF5C-A3A7-4EE4-A694-D582EF428FB9}.AppStore|iPhone.Build.0 = Release|Any CPU
		{F2A9FF5C-A3A7-4EE4-A694-D582EF428FB9}.AppStore|iPhone.Deploy.0 = Release|Any CPU
		{F2A9FF5C-A3A7-4EE4-A694-D582EF428FB9}.AppStore|iPhoneSimulator.ActiveCfg = Release|Any CPU
		{F2A9FF5C-A3A7-4EE4-A694-D582EF428FB9}.AppStore|iPhoneSimulator.Build.0 = Release|Any CPU
		{F2A9FF5C-A3A7-4EE4-A694-D582EF428FB9}.AppStore|iPhoneSimulator.Deploy.0 = Release|Any CPU
		{F2A9FF5C-A3A7-4EE4-A694-D582EF428FB9}.AppStore|x64.ActiveCfg = Release|Any CPU
		{F2A9FF5C-A3A7-4EE4-A694-D582EF428FB9}.AppStore|x64.Build.0 = Release|Any CPU
		{F2A9FF5C-A3A7-4EE4-A694-D582EF428FB9}.AppStore|x64.Deploy.0 = Release|Any CPU
		{F2A9FF5C-A3A7-4EE4-A694-D582EF428FB9}.AppStore|x86.ActiveCfg = Release|Any CPU
		{F2A9FF5C-A3A7-4EE4-A694-D582EF428FB9}.AppStore|x86.Build.0 = Release|Any CPU
		{F2A9FF5C-A3A7-4EE4-A694-D582EF428FB9}.AppStore|x86.Deploy.0 = Release|Any CPU
		{F2A9FF5C-A3A7-4EE4-A694-D582EF428FB9}.Debug|Any CPU.ActiveCfg = Debug|Any CPU
		{F2A9FF5C-A3A7-4EE4-A694-D582EF428FB9}.Debug|Any CPU.Build.0 = Debug|Any CPU
		{F2A9FF5C-A3A7-4EE4-A694-D582EF428FB9}.Debug|Any CPU.Deploy.0 = Debug|Any CPU
		{F2A9FF5C-A3A7-4EE4-A694-D582EF428FB9}.Debug|ARM.ActiveCfg = Debug|Any CPU
		{F2A9FF5C-A3A7-4EE4-A694-D582EF428FB9}.Debug|ARM.Build.0 = Debug|Any CPU
		{F2A9FF5C-A3A7-4EE4-A694-D582EF428FB9}.Debug|ARM.Deploy.0 = Debug|Any CPU
		{F2A9FF5C-A3A7-4EE4-A694-D582EF428FB9}.Debug|iPhone.ActiveCfg = Debug|Any CPU
		{F2A9FF5C-A3A7-4EE4-A694-D582EF428FB9}.Debug|iPhone.Build.0 = Debug|Any CPU
		{F2A9FF5C-A3A7-4EE4-A694-D582EF428FB9}.Debug|iPhone.Deploy.0 = Debug|Any CPU
		{F2A9FF5C-A3A7-4EE4-A694-D582EF428FB9}.Debug|iPhoneSimulator.ActiveCfg = Debug|Any CPU
		{F2A9FF5C-A3A7-4EE4-A694-D582EF428FB9}.Debug|iPhoneSimulator.Build.0 = Debug|Any CPU
		{F2A9FF5C-A3A7-4EE4-A694-D582EF428FB9}.Debug|iPhoneSimulator.Deploy.0 = Debug|Any CPU
		{F2A9FF5C-A3A7-4EE4-A694-D582EF428FB9}.Debug|x64.ActiveCfg = Debug|Any CPU
		{F2A9FF5C-A3A7-4EE4-A694-D582EF428FB9}.Debug|x64.Build.0 = Debug|Any CPU
		{F2A9FF5C-A3A7-4EE4-A694-D582EF428FB9}.Debug|x64.Deploy.0 = Debug|Any CPU
		{F2A9FF5C-A3A7-4EE4-A694-D582EF428FB9}.Debug|x86.ActiveCfg = Debug|Any CPU
		{F2A9FF5C-A3A7-4EE4-A694-D582EF428FB9}.Debug|x86.Build.0 = Debug|Any CPU
		{F2A9FF5C-A3A7-4EE4-A694-D582EF428FB9}.Debug|x86.Deploy.0 = Debug|Any CPU
		{F2A9FF5C-A3A7-4EE4-A694-D582EF428FB9}.Release|Any CPU.ActiveCfg = Release|Any CPU
		{F2A9FF5C-A3A7-4EE4-A694-D582EF428FB9}.Release|Any CPU.Build.0 = Release|Any CPU
		{F2A9FF5C-A3A7-4EE4-A694-D582EF428FB9}.Release|Any CPU.Deploy.0 = Release|Any CPU
		{F2A9FF5C-A3A7-4EE4-A694-D582EF428FB9}.Release|ARM.ActiveCfg = Release|Any CPU
		{F2A9FF5C-A3A7-4EE4-A694-D582EF428FB9}.Release|ARM.Build.0 = Release|Any CPU
		{F2A9FF5C-A3A7-4EE4-A694-D582EF428FB9}.Release|ARM.Deploy.0 = Release|Any CPU
		{F2A9FF5C-A3A7-4EE4-A694-D582EF428FB9}.Release|iPhone.ActiveCfg = Release|Any CPU
		{F2A9FF5C-A3A7-4EE4-A694-D582EF428FB9}.Release|iPhone.Build.0 = Release|Any CPU
		{F2A9FF5C-A3A7-4EE4-A694-D582EF428FB9}.Release|iPhone.Deploy.0 = Release|Any CPU
		{F2A9FF5C-A3A7-4EE4-A694-D582EF428FB9}.Release|iPhoneSimulator.ActiveCfg = Release|Any CPU
		{F2A9FF5C-A3A7-4EE4-A694-D582EF428FB9}.Release|iPhoneSimulator.Build.0 = Release|Any CPU
		{F2A9FF5C-A3A7-4EE4-A694-D582EF428FB9}.Release|iPhoneSimulator.Deploy.0 = Release|Any CPU
		{F2A9FF5C-A3A7-4EE4-A694-D582EF428FB9}.Release|x64.ActiveCfg = Release|Any CPU
		{F2A9FF5C-A3A7-4EE4-A694-D582EF428FB9}.Release|x64.Build.0 = Release|Any CPU
		{F2A9FF5C-A3A7-4EE4-A694-D582EF428FB9}.Release|x64.Deploy.0 = Release|Any CPU
		{F2A9FF5C-A3A7-4EE4-A694-D582EF428FB9}.Release|x86.ActiveCfg = Release|Any CPU
		{F2A9FF5C-A3A7-4EE4-A694-D582EF428FB9}.Release|x86.Build.0 = Release|Any CPU
		{F2A9FF5C-A3A7-4EE4-A694-D582EF428FB9}.Release|x86.Deploy.0 = Release|Any CPU
		{C9F0CEEC-B732-4781-9BB0-0A17DAD5A3D8}.Ad-Hoc|Any CPU.ActiveCfg = Ad-Hoc|iPhone
		{C9F0CEEC-B732-4781-9BB0-0A17DAD5A3D8}.Ad-Hoc|ARM.ActiveCfg = Ad-Hoc|iPhone
		{C9F0CEEC-B732-4781-9BB0-0A17DAD5A3D8}.Ad-Hoc|iPhone.ActiveCfg = Ad-Hoc|iPhone
		{C9F0CEEC-B732-4781-9BB0-0A17DAD5A3D8}.Ad-Hoc|iPhone.Build.0 = Ad-Hoc|iPhone
		{C9F0CEEC-B732-4781-9BB0-0A17DAD5A3D8}.Ad-Hoc|iPhoneSimulator.ActiveCfg = Ad-Hoc|iPhoneSimulator
		{C9F0CEEC-B732-4781-9BB0-0A17DAD5A3D8}.Ad-Hoc|iPhoneSimulator.Build.0 = Ad-Hoc|iPhoneSimulator
		{C9F0CEEC-B732-4781-9BB0-0A17DAD5A3D8}.Ad-Hoc|x64.ActiveCfg = Ad-Hoc|iPhone
		{C9F0CEEC-B732-4781-9BB0-0A17DAD5A3D8}.Ad-Hoc|x86.ActiveCfg = Ad-Hoc|iPhone
		{C9F0CEEC-B732-4781-9BB0-0A17DAD5A3D8}.AppStore|Any CPU.ActiveCfg = AppStore|iPhone
		{C9F0CEEC-B732-4781-9BB0-0A17DAD5A3D8}.AppStore|ARM.ActiveCfg = AppStore|iPhone
		{C9F0CEEC-B732-4781-9BB0-0A17DAD5A3D8}.AppStore|iPhone.ActiveCfg = AppStore|iPhone
		{C9F0CEEC-B732-4781-9BB0-0A17DAD5A3D8}.AppStore|iPhone.Build.0 = AppStore|iPhone
		{C9F0CEEC-B732-4781-9BB0-0A17DAD5A3D8}.AppStore|iPhoneSimulator.ActiveCfg = AppStore|iPhoneSimulator
		{C9F0CEEC-B732-4781-9BB0-0A17DAD5A3D8}.AppStore|iPhoneSimulator.Build.0 = AppStore|iPhoneSimulator
		{C9F0CEEC-B732-4781-9BB0-0A17DAD5A3D8}.AppStore|x64.ActiveCfg = AppStore|iPhone
		{C9F0CEEC-B732-4781-9BB0-0A17DAD5A3D8}.AppStore|x86.ActiveCfg = AppStore|iPhone
		{C9F0CEEC-B732-4781-9BB0-0A17DAD5A3D8}.Debug|Any CPU.ActiveCfg = Debug|iPhone
		{C9F0CEEC-B732-4781-9BB0-0A17DAD5A3D8}.Debug|ARM.ActiveCfg = Debug|iPhone
		{C9F0CEEC-B732-4781-9BB0-0A17DAD5A3D8}.Debug|iPhone.ActiveCfg = Debug|iPhone
		{C9F0CEEC-B732-4781-9BB0-0A17DAD5A3D8}.Debug|iPhone.Build.0 = Debug|iPhone
		{C9F0CEEC-B732-4781-9BB0-0A17DAD5A3D8}.Debug|iPhoneSimulator.ActiveCfg = Debug|iPhoneSimulator
		{C9F0CEEC-B732-4781-9BB0-0A17DAD5A3D8}.Debug|iPhoneSimulator.Build.0 = Debug|iPhoneSimulator
		{C9F0CEEC-B732-4781-9BB0-0A17DAD5A3D8}.Debug|x64.ActiveCfg = Debug|iPhone
		{C9F0CEEC-B732-4781-9BB0-0A17DAD5A3D8}.Debug|x86.ActiveCfg = Debug|iPhone
		{C9F0CEEC-B732-4781-9BB0-0A17DAD5A3D8}.Release|Any CPU.ActiveCfg = Release|iPhone
		{C9F0CEEC-B732-4781-9BB0-0A17DAD5A3D8}.Release|ARM.ActiveCfg = Release|iPhone
		{C9F0CEEC-B732-4781-9BB0-0A17DAD5A3D8}.Release|iPhone.ActiveCfg = Release|iPhone
		{C9F0CEEC-B732-4781-9BB0-0A17DAD5A3D8}.Release|iPhone.Build.0 = Release|iPhone
		{C9F0CEEC-B732-4781-9BB0-0A17DAD5A3D8}.Release|iPhoneSimulator.ActiveCfg = Release|iPhoneSimulator
		{C9F0CEEC-B732-4781-9BB0-0A17DAD5A3D8}.Release|iPhoneSimulator.Build.0 = Release|iPhoneSimulator
		{C9F0CEEC-B732-4781-9BB0-0A17DAD5A3D8}.Release|x64.ActiveCfg = Release|iPhone
		{C9F0CEEC-B732-4781-9BB0-0A17DAD5A3D8}.Release|x86.ActiveCfg = Release|iPhone
		{CFC3AEA9-2201-4EF7-A1F1-79F317BE78C5}.Ad-Hoc|Any CPU.ActiveCfg = Release|Any CPU
		{CFC3AEA9-2201-4EF7-A1F1-79F317BE78C5}.Ad-Hoc|Any CPU.Build.0 = Release|Any CPU
		{CFC3AEA9-2201-4EF7-A1F1-79F317BE78C5}.Ad-Hoc|Any CPU.Deploy.0 = Release|Any CPU
		{CFC3AEA9-2201-4EF7-A1F1-79F317BE78C5}.Ad-Hoc|ARM.ActiveCfg = Release|ARM
		{CFC3AEA9-2201-4EF7-A1F1-79F317BE78C5}.Ad-Hoc|ARM.Build.0 = Release|ARM
		{CFC3AEA9-2201-4EF7-A1F1-79F317BE78C5}.Ad-Hoc|ARM.Deploy.0 = Release|ARM
		{CFC3AEA9-2201-4EF7-A1F1-79F317BE78C5}.Ad-Hoc|iPhone.ActiveCfg = Release|Any CPU
		{CFC3AEA9-2201-4EF7-A1F1-79F317BE78C5}.Ad-Hoc|iPhone.Build.0 = Release|Any CPU
		{CFC3AEA9-2201-4EF7-A1F1-79F317BE78C5}.Ad-Hoc|iPhone.Deploy.0 = Release|Any CPU
		{CFC3AEA9-2201-4EF7-A1F1-79F317BE78C5}.Ad-Hoc|iPhoneSimulator.ActiveCfg = Release|Any CPU
		{CFC3AEA9-2201-4EF7-A1F1-79F317BE78C5}.Ad-Hoc|iPhoneSimulator.Build.0 = Release|Any CPU
		{CFC3AEA9-2201-4EF7-A1F1-79F317BE78C5}.Ad-Hoc|iPhoneSimulator.Deploy.0 = Release|Any CPU
		{CFC3AEA9-2201-4EF7-A1F1-79F317BE78C5}.Ad-Hoc|x64.ActiveCfg = Release|Any CPU
		{CFC3AEA9-2201-4EF7-A1F1-79F317BE78C5}.Ad-Hoc|x64.Build.0 = Release|Any CPU
		{CFC3AEA9-2201-4EF7-A1F1-79F317BE78C5}.Ad-Hoc|x64.Deploy.0 = Release|Any CPU
		{CFC3AEA9-2201-4EF7-A1F1-79F317BE78C5}.Ad-Hoc|x86.ActiveCfg = Release|x86
		{CFC3AEA9-2201-4EF7-A1F1-79F317BE78C5}.Ad-Hoc|x86.Build.0 = Release|x86
		{CFC3AEA9-2201-4EF7-A1F1-79F317BE78C5}.Ad-Hoc|x86.Deploy.0 = Release|x86
		{CFC3AEA9-2201-4EF7-A1F1-79F317BE78C5}.AppStore|Any CPU.ActiveCfg = Release|Any CPU
		{CFC3AEA9-2201-4EF7-A1F1-79F317BE78C5}.AppStore|Any CPU.Build.0 = Release|Any CPU
		{CFC3AEA9-2201-4EF7-A1F1-79F317BE78C5}.AppStore|Any CPU.Deploy.0 = Release|Any CPU
		{CFC3AEA9-2201-4EF7-A1F1-79F317BE78C5}.AppStore|ARM.ActiveCfg = Release|ARM
		{CFC3AEA9-2201-4EF7-A1F1-79F317BE78C5}.AppStore|ARM.Build.0 = Release|ARM
		{CFC3AEA9-2201-4EF7-A1F1-79F317BE78C5}.AppStore|ARM.Deploy.0 = Release|ARM
		{CFC3AEA9-2201-4EF7-A1F1-79F317BE78C5}.AppStore|iPhone.ActiveCfg = Release|Any CPU
		{CFC3AEA9-2201-4EF7-A1F1-79F317BE78C5}.AppStore|iPhone.Build.0 = Release|Any CPU
		{CFC3AEA9-2201-4EF7-A1F1-79F317BE78C5}.AppStore|iPhone.Deploy.0 = Release|Any CPU
		{CFC3AEA9-2201-4EF7-A1F1-79F317BE78C5}.AppStore|iPhoneSimulator.ActiveCfg = Release|Any CPU
		{CFC3AEA9-2201-4EF7-A1F1-79F317BE78C5}.AppStore|iPhoneSimulator.Build.0 = Release|Any CPU
		{CFC3AEA9-2201-4EF7-A1F1-79F317BE78C5}.AppStore|iPhoneSimulator.Deploy.0 = Release|Any CPU
		{CFC3AEA9-2201-4EF7-A1F1-79F317BE78C5}.AppStore|x64.ActiveCfg = Release|Any CPU
		{CFC3AEA9-2201-4EF7-A1F1-79F317BE78C5}.AppStore|x64.Build.0 = Release|Any CPU
		{CFC3AEA9-2201-4EF7-A1F1-79F317BE78C5}.AppStore|x64.Deploy.0 = Release|Any CPU
		{CFC3AEA9-2201-4EF7-A1F1-79F317BE78C5}.AppStore|x86.ActiveCfg = Release|x86
		{CFC3AEA9-2201-4EF7-A1F1-79F317BE78C5}.AppStore|x86.Build.0 = Release|x86
		{CFC3AEA9-2201-4EF7-A1F1-79F317BE78C5}.AppStore|x86.Deploy.0 = Release|x86
		{CFC3AEA9-2201-4EF7-A1F1-79F317BE78C5}.Debug|Any CPU.ActiveCfg = Debug|Any CPU
		{CFC3AEA9-2201-4EF7-A1F1-79F317BE78C5}.Debug|Any CPU.Build.0 = Debug|Any CPU
		{CFC3AEA9-2201-4EF7-A1F1-79F317BE78C5}.Debug|Any CPU.Deploy.0 = Debug|Any CPU
		{CFC3AEA9-2201-4EF7-A1F1-79F317BE78C5}.Debug|ARM.ActiveCfg = Debug|ARM
		{CFC3AEA9-2201-4EF7-A1F1-79F317BE78C5}.Debug|ARM.Build.0 = Debug|ARM
		{CFC3AEA9-2201-4EF7-A1F1-79F317BE78C5}.Debug|ARM.Deploy.0 = Debug|ARM
		{CFC3AEA9-2201-4EF7-A1F1-79F317BE78C5}.Debug|iPhone.ActiveCfg = Debug|Any CPU
		{CFC3AEA9-2201-4EF7-A1F1-79F317BE78C5}.Debug|iPhone.Build.0 = Debug|Any CPU
		{CFC3AEA9-2201-4EF7-A1F1-79F317BE78C5}.Debug|iPhone.Deploy.0 = Debug|Any CPU
		{CFC3AEA9-2201-4EF7-A1F1-79F317BE78C5}.Debug|iPhoneSimulator.ActiveCfg = Debug|Any CPU
		{CFC3AEA9-2201-4EF7-A1F1-79F317BE78C5}.Debug|iPhoneSimulator.Build.0 = Debug|Any CPU
		{CFC3AEA9-2201-4EF7-A1F1-79F317BE78C5}.Debug|iPhoneSimulator.Deploy.0 = Debug|Any CPU
		{CFC3AEA9-2201-4EF7-A1F1-79F317BE78C5}.Debug|x64.ActiveCfg = Debug|Any CPU
		{CFC3AEA9-2201-4EF7-A1F1-79F317BE78C5}.Debug|x64.Build.0 = Debug|Any CPU
		{CFC3AEA9-2201-4EF7-A1F1-79F317BE78C5}.Debug|x64.Deploy.0 = Debug|Any CPU
		{CFC3AEA9-2201-4EF7-A1F1-79F317BE78C5}.Debug|x86.ActiveCfg = Debug|x86
		{CFC3AEA9-2201-4EF7-A1F1-79F317BE78C5}.Debug|x86.Build.0 = Debug|x86
		{CFC3AEA9-2201-4EF7-A1F1-79F317BE78C5}.Debug|x86.Deploy.0 = Debug|x86
		{CFC3AEA9-2201-4EF7-A1F1-79F317BE78C5}.Release|Any CPU.ActiveCfg = Release|Any CPU
		{CFC3AEA9-2201-4EF7-A1F1-79F317BE78C5}.Release|Any CPU.Build.0 = Release|Any CPU
		{CFC3AEA9-2201-4EF7-A1F1-79F317BE78C5}.Release|Any CPU.Deploy.0 = Release|Any CPU
		{CFC3AEA9-2201-4EF7-A1F1-79F317BE78C5}.Release|ARM.ActiveCfg = Release|ARM
		{CFC3AEA9-2201-4EF7-A1F1-79F317BE78C5}.Release|ARM.Build.0 = Release|ARM
		{CFC3AEA9-2201-4EF7-A1F1-79F317BE78C5}.Release|ARM.Deploy.0 = Release|ARM
		{CFC3AEA9-2201-4EF7-A1F1-79F317BE78C5}.Release|iPhone.ActiveCfg = Release|Any CPU
		{CFC3AEA9-2201-4EF7-A1F1-79F317BE78C5}.Release|iPhone.Build.0 = Release|Any CPU
		{CFC3AEA9-2201-4EF7-A1F1-79F317BE78C5}.Release|iPhone.Deploy.0 = Release|Any CPU
		{CFC3AEA9-2201-4EF7-A1F1-79F317BE78C5}.Release|iPhoneSimulator.ActiveCfg = Release|Any CPU
		{CFC3AEA9-2201-4EF7-A1F1-79F317BE78C5}.Release|iPhoneSimulator.Build.0 = Release|Any CPU
		{CFC3AEA9-2201-4EF7-A1F1-79F317BE78C5}.Release|iPhoneSimulator.Deploy.0 = Release|Any CPU
		{CFC3AEA9-2201-4EF7-A1F1-79F317BE78C5}.Release|x64.ActiveCfg = Release|Any CPU
		{CFC3AEA9-2201-4EF7-A1F1-79F317BE78C5}.Release|x64.Build.0 = Release|Any CPU
		{CFC3AEA9-2201-4EF7-A1F1-79F317BE78C5}.Release|x64.Deploy.0 = Release|Any CPU
		{CFC3AEA9-2201-4EF7-A1F1-79F317BE78C5}.Release|x86.ActiveCfg = Release|x86
		{CFC3AEA9-2201-4EF7-A1F1-79F317BE78C5}.Release|x86.Build.0 = Release|x86
		{CFC3AEA9-2201-4EF7-A1F1-79F317BE78C5}.Release|x86.Deploy.0 = Release|x86
		{E041861E-A8EF-410C-9AC2-BDDD73D30F26}.Ad-Hoc|Any CPU.ActiveCfg = Release|Any CPU
		{E041861E-A8EF-410C-9AC2-BDDD73D30F26}.Ad-Hoc|Any CPU.Build.0 = Release|Any CPU
		{E041861E-A8EF-410C-9AC2-BDDD73D30F26}.Ad-Hoc|Any CPU.Deploy.0 = Release|Any CPU
		{E041861E-A8EF-410C-9AC2-BDDD73D30F26}.Ad-Hoc|ARM.ActiveCfg = Release|ARM
		{E041861E-A8EF-410C-9AC2-BDDD73D30F26}.Ad-Hoc|ARM.Build.0 = Release|ARM
		{E041861E-A8EF-410C-9AC2-BDDD73D30F26}.Ad-Hoc|ARM.Deploy.0 = Release|ARM
		{E041861E-A8EF-410C-9AC2-BDDD73D30F26}.Ad-Hoc|iPhone.ActiveCfg = Release|Any CPU
		{E041861E-A8EF-410C-9AC2-BDDD73D30F26}.Ad-Hoc|iPhone.Build.0 = Release|Any CPU
		{E041861E-A8EF-410C-9AC2-BDDD73D30F26}.Ad-Hoc|iPhone.Deploy.0 = Release|Any CPU
		{E041861E-A8EF-410C-9AC2-BDDD73D30F26}.Ad-Hoc|iPhoneSimulator.ActiveCfg = Release|Any CPU
		{E041861E-A8EF-410C-9AC2-BDDD73D30F26}.Ad-Hoc|iPhoneSimulator.Build.0 = Release|Any CPU
		{E041861E-A8EF-410C-9AC2-BDDD73D30F26}.Ad-Hoc|iPhoneSimulator.Deploy.0 = Release|Any CPU
		{E041861E-A8EF-410C-9AC2-BDDD73D30F26}.Ad-Hoc|x64.ActiveCfg = Release|x64
		{E041861E-A8EF-410C-9AC2-BDDD73D30F26}.Ad-Hoc|x64.Build.0 = Release|x64
		{E041861E-A8EF-410C-9AC2-BDDD73D30F26}.Ad-Hoc|x64.Deploy.0 = Release|x64
		{E041861E-A8EF-410C-9AC2-BDDD73D30F26}.Ad-Hoc|x86.ActiveCfg = Release|x86
		{E041861E-A8EF-410C-9AC2-BDDD73D30F26}.Ad-Hoc|x86.Build.0 = Release|x86
		{E041861E-A8EF-410C-9AC2-BDDD73D30F26}.Ad-Hoc|x86.Deploy.0 = Release|x86
		{E041861E-A8EF-410C-9AC2-BDDD73D30F26}.AppStore|Any CPU.ActiveCfg = Release|Any CPU
		{E041861E-A8EF-410C-9AC2-BDDD73D30F26}.AppStore|Any CPU.Build.0 = Release|Any CPU
		{E041861E-A8EF-410C-9AC2-BDDD73D30F26}.AppStore|Any CPU.Deploy.0 = Release|Any CPU
		{E041861E-A8EF-410C-9AC2-BDDD73D30F26}.AppStore|ARM.ActiveCfg = Release|ARM
		{E041861E-A8EF-410C-9AC2-BDDD73D30F26}.AppStore|ARM.Build.0 = Release|ARM
		{E041861E-A8EF-410C-9AC2-BDDD73D30F26}.AppStore|ARM.Deploy.0 = Release|ARM
		{E041861E-A8EF-410C-9AC2-BDDD73D30F26}.AppStore|iPhone.ActiveCfg = Release|Any CPU
		{E041861E-A8EF-410C-9AC2-BDDD73D30F26}.AppStore|iPhone.Build.0 = Release|Any CPU
		{E041861E-A8EF-410C-9AC2-BDDD73D30F26}.AppStore|iPhone.Deploy.0 = Release|Any CPU
		{E041861E-A8EF-410C-9AC2-BDDD73D30F26}.AppStore|iPhoneSimulator.ActiveCfg = Release|Any CPU
		{E041861E-A8EF-410C-9AC2-BDDD73D30F26}.AppStore|iPhoneSimulator.Build.0 = Release|Any CPU
		{E041861E-A8EF-410C-9AC2-BDDD73D30F26}.AppStore|iPhoneSimulator.Deploy.0 = Release|Any CPU
		{E041861E-A8EF-410C-9AC2-BDDD73D30F26}.AppStore|x64.ActiveCfg = Release|x64
		{E041861E-A8EF-410C-9AC2-BDDD73D30F26}.AppStore|x64.Build.0 = Release|x64
		{E041861E-A8EF-410C-9AC2-BDDD73D30F26}.AppStore|x64.Deploy.0 = Release|x64
		{E041861E-A8EF-410C-9AC2-BDDD73D30F26}.AppStore|x86.ActiveCfg = Release|x86
		{E041861E-A8EF-410C-9AC2-BDDD73D30F26}.AppStore|x86.Build.0 = Release|x86
		{E041861E-A8EF-410C-9AC2-BDDD73D30F26}.AppStore|x86.Deploy.0 = Release|x86
		{E041861E-A8EF-410C-9AC2-BDDD73D30F26}.Debug|Any CPU.ActiveCfg = Debug|Any CPU
		{E041861E-A8EF-410C-9AC2-BDDD73D30F26}.Debug|Any CPU.Build.0 = Debug|Any CPU
		{E041861E-A8EF-410C-9AC2-BDDD73D30F26}.Debug|Any CPU.Deploy.0 = Debug|Any CPU
		{E041861E-A8EF-410C-9AC2-BDDD73D30F26}.Debug|ARM.ActiveCfg = Debug|ARM
		{E041861E-A8EF-410C-9AC2-BDDD73D30F26}.Debug|ARM.Build.0 = Debug|ARM
		{E041861E-A8EF-410C-9AC2-BDDD73D30F26}.Debug|ARM.Deploy.0 = Debug|ARM
		{E041861E-A8EF-410C-9AC2-BDDD73D30F26}.Debug|iPhone.ActiveCfg = Debug|Any CPU
		{E041861E-A8EF-410C-9AC2-BDDD73D30F26}.Debug|iPhone.Build.0 = Debug|Any CPU
		{E041861E-A8EF-410C-9AC2-BDDD73D30F26}.Debug|iPhone.Deploy.0 = Debug|Any CPU
		{E041861E-A8EF-410C-9AC2-BDDD73D30F26}.Debug|iPhoneSimulator.ActiveCfg = Debug|Any CPU
		{E041861E-A8EF-410C-9AC2-BDDD73D30F26}.Debug|iPhoneSimulator.Build.0 = Debug|Any CPU
		{E041861E-A8EF-410C-9AC2-BDDD73D30F26}.Debug|iPhoneSimulator.Deploy.0 = Debug|Any CPU
		{E041861E-A8EF-410C-9AC2-BDDD73D30F26}.Debug|x64.ActiveCfg = Debug|x64
		{E041861E-A8EF-410C-9AC2-BDDD73D30F26}.Debug|x64.Build.0 = Debug|x64
		{E041861E-A8EF-410C-9AC2-BDDD73D30F26}.Debug|x64.Deploy.0 = Debug|x64
		{E041861E-A8EF-410C-9AC2-BDDD73D30F26}.Debug|x86.ActiveCfg = Debug|x86
		{E041861E-A8EF-410C-9AC2-BDDD73D30F26}.Debug|x86.Build.0 = Debug|x86
		{E041861E-A8EF-410C-9AC2-BDDD73D30F26}.Debug|x86.Deploy.0 = Debug|x86
		{E041861E-A8EF-410C-9AC2-BDDD73D30F26}.Release|Any CPU.ActiveCfg = Release|Any CPU
		{E041861E-A8EF-410C-9AC2-BDDD73D30F26}.Release|Any CPU.Build.0 = Release|Any CPU
		{E041861E-A8EF-410C-9AC2-BDDD73D30F26}.Release|Any CPU.Deploy.0 = Release|Any CPU
		{E041861E-A8EF-410C-9AC2-BDDD73D30F26}.Release|ARM.ActiveCfg = Release|ARM
		{E041861E-A8EF-410C-9AC2-BDDD73D30F26}.Release|ARM.Build.0 = Release|ARM
		{E041861E-A8EF-410C-9AC2-BDDD73D30F26}.Release|ARM.Deploy.0 = Release|ARM
		{E041861E-A8EF-410C-9AC2-BDDD73D30F26}.Release|iPhone.ActiveCfg = Release|Any CPU
		{E041861E-A8EF-410C-9AC2-BDDD73D30F26}.Release|iPhone.Build.0 = Release|Any CPU
		{E041861E-A8EF-410C-9AC2-BDDD73D30F26}.Release|iPhone.Deploy.0 = Release|Any CPU
		{E041861E-A8EF-410C-9AC2-BDDD73D30F26}.Release|iPhoneSimulator.ActiveCfg = Release|Any CPU
		{E041861E-A8EF-410C-9AC2-BDDD73D30F26}.Release|iPhoneSimulator.Build.0 = Release|Any CPU
		{E041861E-A8EF-410C-9AC2-BDDD73D30F26}.Release|iPhoneSimulator.Deploy.0 = Release|Any CPU
		{E041861E-A8EF-410C-9AC2-BDDD73D30F26}.Release|x64.ActiveCfg = Release|x64
		{E041861E-A8EF-410C-9AC2-BDDD73D30F26}.Release|x64.Build.0 = Release|x64
		{E041861E-A8EF-410C-9AC2-BDDD73D30F26}.Release|x64.Deploy.0 = Release|x64
		{E041861E-A8EF-410C-9AC2-BDDD73D30F26}.Release|x86.ActiveCfg = Release|x86
		{E041861E-A8EF-410C-9AC2-BDDD73D30F26}.Release|x86.Build.0 = Release|x86
		{E041861E-A8EF-410C-9AC2-BDDD73D30F26}.Release|x86.Deploy.0 = Release|x86
	EndGlobalSection
	GlobalSection(SolutionProperties) = preSolution
		HideSolutionNode = FALSE
	EndGlobalSection
EndGlobal
